// !$*UTF8*$!
{
	archiveVersion = 1;
	classes = {
	};
	objectVersion = 56;
	objects = {

/* Begin PBXBuildFile section */
		552125E12910EE880058A8F2 /* AppDelegate.swift in Sources */ = {isa = PBXBuildFile; fileRef = 552125E02910EE880058A8F2 /* AppDelegate.swift */; };
		552125E32910EE880058A8F2 /* SceneDelegate.swift in Sources */ = {isa = PBXBuildFile; fileRef = 552125E22910EE880058A8F2 /* SceneDelegate.swift */; };
		552125E82910EE880058A8F2 /* Main.storyboard in Resources */ = {isa = PBXBuildFile; fileRef = 552125E62910EE880058A8F2 /* Main.storyboard */; };
		552125EA2910EE8F0058A8F2 /* Assets.xcassets in Resources */ = {isa = PBXBuildFile; fileRef = 552125E92910EE8F0058A8F2 /* Assets.xcassets */; };
		552125ED2910EE8F0058A8F2 /* LaunchScreen.storyboard in Resources */ = {isa = PBXBuildFile; fileRef = 552125EB2910EE8F0058A8F2 /* LaunchScreen.storyboard */; };
		552125F7291117FB0058A8F2 /* LoginViewController.swift in Sources */ = {isa = PBXBuildFile; fileRef = 552125F6291117FB0058A8F2 /* LoginViewController.swift */; };
		55A0360C29114E02003F1DB3 /* FriendsTableViewController.swift in Sources */ = {isa = PBXBuildFile; fileRef = 55A0360B29114E02003F1DB3 /* FriendsTableViewController.swift */; };
		55A0360E29114E1F003F1DB3 /* GroupsTableViewController.swift in Sources */ = {isa = PBXBuildFile; fileRef = 55A0360D29114E1F003F1DB3 /* GroupsTableViewController.swift */; };
		55C652F5291246A40058ADFB /* UIViewController+Extension.swift in Sources */ = {isa = PBXBuildFile; fileRef = 55C652F4291246A40058ADFB /* UIViewController+Extension.swift */; };
		55D5C5B72912B94A00D075D7 /* FriendViewCell.swift in Sources */ = {isa = PBXBuildFile; fileRef = 55D5C5B62912B94A00D075D7 /* FriendViewCell.swift */; };
		55D5C5B92912BD0F00D075D7 /* Friends.swift in Sources */ = {isa = PBXBuildFile; fileRef = 55D5C5B82912BD0F00D075D7 /* Friends.swift */; };
		55D5C5BB2912C75500D075D7 /* FriendDetailViewCell.swift in Sources */ = {isa = PBXBuildFile; fileRef = 55D5C5BA2912C75500D075D7 /* FriendDetailViewCell.swift */; };
		55D5C5BD2912C88900D075D7 /* FriendDetailCollectionViewController.swift in Sources */ = {isa = PBXBuildFile; fileRef = 55D5C5BC2912C88900D075D7 /* FriendDetailCollectionViewController.swift */; };
/* End PBXBuildFile section */

/* Begin PBXFileReference section */
		552125DD2910EE880058A8F2 /* VKApp.app */ = {isa = PBXFileReference; explicitFileType = wrapper.application; includeInIndex = 0; path = VKApp.app; sourceTree = BUILT_PRODUCTS_DIR; };
		552125E02910EE880058A8F2 /* AppDelegate.swift */ = {isa = PBXFileReference; lastKnownFileType = sourcecode.swift; path = AppDelegate.swift; sourceTree = "<group>"; };
		552125E22910EE880058A8F2 /* SceneDelegate.swift */ = {isa = PBXFileReference; lastKnownFileType = sourcecode.swift; path = SceneDelegate.swift; sourceTree = "<group>"; };
		552125E72910EE880058A8F2 /* Base */ = {isa = PBXFileReference; lastKnownFileType = file.storyboard; name = Base; path = Base.lproj/Main.storyboard; sourceTree = "<group>"; };
		552125E92910EE8F0058A8F2 /* Assets.xcassets */ = {isa = PBXFileReference; lastKnownFileType = folder.assetcatalog; path = Assets.xcassets; sourceTree = "<group>"; };
		552125EC2910EE8F0058A8F2 /* Base */ = {isa = PBXFileReference; lastKnownFileType = file.storyboard; name = Base; path = Base.lproj/LaunchScreen.storyboard; sourceTree = "<group>"; };
		552125EE2910EE8F0058A8F2 /* Info.plist */ = {isa = PBXFileReference; lastKnownFileType = text.plist.xml; path = Info.plist; sourceTree = "<group>"; };
		552125F6291117FB0058A8F2 /* LoginViewController.swift */ = {isa = PBXFileReference; lastKnownFileType = sourcecode.swift; path = LoginViewController.swift; sourceTree = "<group>"; };
		55A0360B29114E02003F1DB3 /* FriendsTableViewController.swift */ = {isa = PBXFileReference; lastKnownFileType = sourcecode.swift; path = FriendsTableViewController.swift; sourceTree = "<group>"; };
		55A0360D29114E1F003F1DB3 /* GroupsTableViewController.swift */ = {isa = PBXFileReference; lastKnownFileType = sourcecode.swift; path = GroupsTableViewController.swift; sourceTree = "<group>"; };
		55C652F4291246A40058ADFB /* UIViewController+Extension.swift */ = {isa = PBXFileReference; lastKnownFileType = sourcecode.swift; path = "UIViewController+Extension.swift"; sourceTree = "<group>"; };
		55D5C5B62912B94A00D075D7 /* FriendViewCell.swift */ = {isa = PBXFileReference; lastKnownFileType = sourcecode.swift; path = FriendViewCell.swift; sourceTree = "<group>"; };
		55D5C5B82912BD0F00D075D7 /* Friends.swift */ = {isa = PBXFileReference; lastKnownFileType = sourcecode.swift; path = Friends.swift; sourceTree = "<group>"; };
		55D5C5BA2912C75500D075D7 /* FriendDetailViewCell.swift */ = {isa = PBXFileReference; lastKnownFileType = sourcecode.swift; path = FriendDetailViewCell.swift; sourceTree = "<group>"; };
		55D5C5BC2912C88900D075D7 /* FriendDetailCollectionViewController.swift */ = {isa = PBXFileReference; lastKnownFileType = sourcecode.swift; path = FriendDetailCollectionViewController.swift; sourceTree = "<group>"; };
/* End PBXFileReference section */

/* Begin PBXFrameworksBuildPhase section */
		552125DA2910EE880058A8F2 /* Frameworks */ = {
			isa = PBXFrameworksBuildPhase;
			buildActionMask = 2147483647;
			files = (
			);
			runOnlyForDeploymentPostprocessing = 0;
		};
/* End PBXFrameworksBuildPhase section */

/* Begin PBXGroup section */
		552125D42910EE880058A8F2 = {
			isa = PBXGroup;
			children = (
				552125DF2910EE880058A8F2 /* VKApp */,
				552125DE2910EE880058A8F2 /* Products */,
			);
			sourceTree = "<group>";
		};
		552125DE2910EE880058A8F2 /* Products */ = {
			isa = PBXGroup;
			children = (
				552125DD2910EE880058A8F2 /* VKApp.app */,
			);
			name = Products;
			sourceTree = "<group>";
		};
		552125DF2910EE880058A8F2 /* VKApp */ = {
			isa = PBXGroup;
			children = (
				552125E02910EE880058A8F2 /* AppDelegate.swift */,
				552125E22910EE880058A8F2 /* SceneDelegate.swift */,
				552125F6291117FB0058A8F2 /* LoginViewController.swift */,
				55A0360B29114E02003F1DB3 /* FriendsTableViewController.swift */,
				55A0360D29114E1F003F1DB3 /* GroupsTableViewController.swift */,
				55D5C5B62912B94A00D075D7 /* FriendViewCell.swift */,
				55D5C5BA2912C75500D075D7 /* FriendDetailViewCell.swift */,
				55D5C5BC2912C88900D075D7 /* FriendDetailCollectionViewController.swift */,
				55D5C5B82912BD0F00D075D7 /* Friends.swift */,
				55C652F6291247430058ADFB /* Extension */,
				552125E62910EE880058A8F2 /* Main.storyboard */,
				552125E92910EE8F0058A8F2 /* Assets.xcassets */,
				552125EB2910EE8F0058A8F2 /* LaunchScreen.storyboard */,
				552125EE2910EE8F0058A8F2 /* Info.plist */,
			);
			path = VKApp;
			sourceTree = "<group>";
		};
		55C652F6291247430058ADFB /* Extension */ = {
			isa = PBXGroup;
			children = (
				55C652F4291246A40058ADFB /* UIViewController+Extension.swift */,
			);
			path = Extension;
			sourceTree = "<group>";
		};
/* End PBXGroup section */

/* Begin PBXNativeTarget section */
		552125DC2910EE880058A8F2 /* VKApp */ = {
			isa = PBXNativeTarget;
			buildConfigurationList = 552125F12910EE8F0058A8F2 /* Build configuration list for PBXNativeTarget "VKApp" */;
			buildPhases = (
				552125D92910EE880058A8F2 /* Sources */,
				552125DA2910EE880058A8F2 /* Frameworks */,
				552125DB2910EE880058A8F2 /* Resources */,
				552125F42910EED60058A8F2 /* SwiftFormater */,
				552125F52910EEDF0058A8F2 /* SwiftLint */,
			);
			buildRules = (
			);
			dependencies = (
			);
			name = VKApp;
			productName = VKApp;
			productReference = 552125DD2910EE880058A8F2 /* VKApp.app */;
			productType = "com.apple.product-type.application";
		};
/* End PBXNativeTarget section */

/* Begin PBXProject section */
		552125D52910EE880058A8F2 /* Project object */ = {
			isa = PBXProject;
			attributes = {
				BuildIndependentTargetsInParallel = 1;
				LastSwiftUpdateCheck = 1400;
				LastUpgradeCheck = 1400;
				TargetAttributes = {
					552125DC2910EE880058A8F2 = {
						CreatedOnToolsVersion = 14.0.1;
					};
				};
			};
			buildConfigurationList = 552125D82910EE880058A8F2 /* Build configuration list for PBXProject "VKApp" */;
			compatibilityVersion = "Xcode 14.0";
			developmentRegion = en;
			hasScannedForEncodings = 0;
			knownRegions = (
				en,
				Base,
			);
			mainGroup = 552125D42910EE880058A8F2;
			productRefGroup = 552125DE2910EE880058A8F2 /* Products */;
			projectDirPath = "";
			projectRoot = "";
			targets = (
				552125DC2910EE880058A8F2 /* VKApp */,
			);
		};
/* End PBXProject section */

/* Begin PBXResourcesBuildPhase section */
		552125DB2910EE880058A8F2 /* Resources */ = {
			isa = PBXResourcesBuildPhase;
			buildActionMask = 2147483647;
			files = (
				552125ED2910EE8F0058A8F2 /* LaunchScreen.storyboard in Resources */,
				552125EA2910EE8F0058A8F2 /* Assets.xcassets in Resources */,
				552125E82910EE880058A8F2 /* Main.storyboard in Resources */,
			);
			runOnlyForDeploymentPostprocessing = 0;
		};
/* End PBXResourcesBuildPhase section */

/* Begin PBXShellScriptBuildPhase section */
		552125F42910EED60058A8F2 /* SwiftFormater */ = {
			isa = PBXShellScriptBuildPhase;
			alwaysOutOfDate = 1;
			buildActionMask = 2147483647;
			files = (
			);
			inputFileListPaths = (
			);
			inputPaths = (
			);
			name = SwiftFormater;
			outputFileListPaths = (
			);
			outputPaths = (
			);
			runOnlyForDeploymentPostprocessing = 0;
			shellPath = /bin/sh;
			shellScript = "if which swiftformat >/dev/null; then\n  swiftformat .\nelse\n  echo \"warning: SwiftFormat not installed, download from https://github.com/nicklockwood/SwiftFormat\"\nfi\n";
		};
		552125F52910EEDF0058A8F2 /* SwiftLint */ = {
			isa = PBXShellScriptBuildPhase;
			alwaysOutOfDate = 1;
			buildActionMask = 2147483647;
			files = (
			);
			inputFileListPaths = (
			);
			inputPaths = (
			);
			name = SwiftLint;
			outputFileListPaths = (
			);
			outputPaths = (
			);
			runOnlyForDeploymentPostprocessing = 0;
			shellPath = /bin/sh;
			shellScript = "if which swiftlint > /dev/null; then\n  swiftlint\nelse\n  echo \"warning: SwiftLint not installed, download from https://github.com/realm/SwiftLint\"\nfi\n";
		};
/* End PBXShellScriptBuildPhase section */

/* Begin PBXSourcesBuildPhase section */
		552125D92910EE880058A8F2 /* Sources */ = {
			isa = PBXSourcesBuildPhase;
			buildActionMask = 2147483647;
			files = (
				552125F7291117FB0058A8F2 /* LoginViewController.swift in Sources */,
				55D5C5B72912B94A00D075D7 /* FriendViewCell.swift in Sources */,
				55A0360E29114E1F003F1DB3 /* GroupsTableViewController.swift in Sources */,
				55C652F5291246A40058ADFB /* UIViewController+Extension.swift in Sources */,
				552125E12910EE880058A8F2 /* AppDelegate.swift in Sources */,
				55D5C5BD2912C88900D075D7 /* FriendDetailCollectionViewController.swift in Sources */,
				55A0360C29114E02003F1DB3 /* FriendsTableViewController.swift in Sources */,
				55D5C5BB2912C75500D075D7 /* FriendDetailViewCell.swift in Sources */,
				552125E32910EE880058A8F2 /* SceneDelegate.swift in Sources */,
				55D5C5B92912BD0F00D075D7 /* Friends.swift in Sources */,
			);
			runOnlyForDeploymentPostprocessing = 0;
		};
/* End PBXSourcesBuildPhase section */

/* Begin PBXVariantGroup section */
		552125E62910EE880058A8F2 /* Main.storyboard */ = {
			isa = PBXVariantGroup;
			children = (
				552125E72910EE880058A8F2 /* Base */,
			);
			name = Main.storyboard;
			sourceTree = "<group>";
		};
		552125EB2910EE8F0058A8F2 /* LaunchScreen.storyboard */ = {
			isa = PBXVariantGroup;
			children = (
				552125EC2910EE8F0058A8F2 /* Base */,
			);
			name = LaunchScreen.storyboard;
			sourceTree = "<group>";
		};
/* End PBXVariantGroup section */

/* Begin XCBuildConfiguration section */
		552125EF2910EE8F0058A8F2 /* Debug */ = {
			isa = XCBuildConfiguration;
			buildSettings = {
				ALWAYS_SEARCH_USER_PATHS = NO;
				CLANG_ANALYZER_NONNULL = YES;
				CLANG_ANALYZER_NUMBER_OBJECT_CONVERSION = YES_AGGRESSIVE;
				CLANG_CXX_LANGUAGE_STANDARD = "gnu++20";
				CLANG_ENABLE_MODULES = YES;
				CLANG_ENABLE_OBJC_ARC = YES;
				CLANG_ENABLE_OBJC_WEAK = YES;
				CLANG_WARN_BLOCK_CAPTURE_AUTORELEASING = YES;
				CLANG_WARN_BOOL_CONVERSION = YES;
				CLANG_WARN_COMMA = YES;
				CLANG_WARN_CONSTANT_CONVERSION = YES;
				CLANG_WARN_DEPRECATED_OBJC_IMPLEMENTATIONS = YES;
				CLANG_WARN_DIRECT_OBJC_ISA_USAGE = YES_ERROR;
				CLANG_WARN_DOCUMENTATION_COMMENTS = YES;
				CLANG_WARN_EMPTY_BODY = YES;
				CLANG_WARN_ENUM_CONVERSION = YES;
				CLANG_WARN_INFINITE_RECURSION = YES;
				CLANG_WARN_INT_CONVERSION = YES;
				CLANG_WARN_NON_LITERAL_NULL_CONVERSION = YES;
				CLANG_WARN_OBJC_IMPLICIT_RETAIN_SELF = YES;
				CLANG_WARN_OBJC_LITERAL_CONVERSION = YES;
				CLANG_WARN_OBJC_ROOT_CLASS = YES_ERROR;
				CLANG_WARN_QUOTED_INCLUDE_IN_FRAMEWORK_HEADER = YES;
				CLANG_WARN_RANGE_LOOP_ANALYSIS = YES;
				CLANG_WARN_STRICT_PROTOTYPES = YES;
				CLANG_WARN_SUSPICIOUS_MOVE = YES;
				CLANG_WARN_UNGUARDED_AVAILABILITY = YES_AGGRESSIVE;
				CLANG_WARN_UNREACHABLE_CODE = YES;
				CLANG_WARN__DUPLICATE_METHOD_MATCH = YES;
				COPY_PHASE_STRIP = NO;
				DEBUG_INFORMATION_FORMAT = dwarf;
				ENABLE_STRICT_OBJC_MSGSEND = YES;
				ENABLE_TESTABILITY = YES;
				GCC_C_LANGUAGE_STANDARD = gnu11;
				GCC_DYNAMIC_NO_PIC = NO;
				GCC_NO_COMMON_BLOCKS = YES;
				GCC_OPTIMIZATION_LEVEL = 0;
				GCC_PREPROCESSOR_DEFINITIONS = (
					"DEBUG=1",
					"$(inherited)",
				);
				GCC_WARN_64_TO_32_BIT_CONVERSION = YES;
				GCC_WARN_ABOUT_RETURN_TYPE = YES_ERROR;
				GCC_WARN_UNDECLARED_SELECTOR = YES;
				GCC_WARN_UNINITIALIZED_AUTOS = YES_AGGRESSIVE;
				GCC_WARN_UNUSED_FUNCTION = YES;
				GCC_WARN_UNUSED_VARIABLE = YES;
				IPHONEOS_DEPLOYMENT_TARGET = 16.0;
				MTL_ENABLE_DEBUG_INFO = INCLUDE_SOURCE;
				MTL_FAST_MATH = YES;
				ONLY_ACTIVE_ARCH = YES;
				SDKROOT = iphoneos;
				SWIFT_ACTIVE_COMPILATION_CONDITIONS = DEBUG;
				SWIFT_OPTIMIZATION_LEVEL = "-Onone";
			};
			name = Debug;
		};
		552125F02910EE8F0058A8F2 /* Release */ = {
			isa = XCBuildConfiguration;
			buildSettings = {
				ALWAYS_SEARCH_USER_PATHS = NO;
				CLANG_ANALYZER_NONNULL = YES;
				CLANG_ANALYZER_NUMBER_OBJECT_CONVERSION = YES_AGGRESSIVE;
				CLANG_CXX_LANGUAGE_STANDARD = "gnu++20";
				CLANG_ENABLE_MODULES = YES;
				CLANG_ENABLE_OBJC_ARC = YES;
				CLANG_ENABLE_OBJC_WEAK = YES;
				CLANG_WARN_BLOCK_CAPTURE_AUTORELEASING = YES;
				CLANG_WARN_BOOL_CONVERSION = YES;
				CLANG_WARN_COMMA = YES;
				CLANG_WARN_CONSTANT_CONVERSION = YES;
				CLANG_WARN_DEPRECATED_OBJC_IMPLEMENTATIONS = YES;
				CLANG_WARN_DIRECT_OBJC_ISA_USAGE = YES_ERROR;
				CLANG_WARN_DOCUMENTATION_COMMENTS = YES;
				CLANG_WARN_EMPTY_BODY = YES;
				CLANG_WARN_ENUM_CONVERSION = YES;
				CLANG_WARN_INFINITE_RECURSION = YES;
				CLANG_WARN_INT_CONVERSION = YES;
				CLANG_WARN_NON_LITERAL_NULL_CONVERSION = YES;
				CLANG_WARN_OBJC_IMPLICIT_RETAIN_SELF = YES;
				CLANG_WARN_OBJC_LITERAL_CONVERSION = YES;
				CLANG_WARN_OBJC_ROOT_CLASS = YES_ERROR;
				CLANG_WARN_QUOTED_INCLUDE_IN_FRAMEWORK_HEADER = YES;
				CLANG_WARN_RANGE_LOOP_ANALYSIS = YES;
				CLANG_WARN_STRICT_PROTOTYPES = YES;
				CLANG_WARN_SUSPICIOUS_MOVE = YES;
				CLANG_WARN_UNGUARDED_AVAILABILITY = YES_AGGRESSIVE;
				CLANG_WARN_UNREACHABLE_CODE = YES;
				CLANG_WARN__DUPLICATE_METHOD_MATCH = YES;
				COPY_PHASE_STRIP = NO;
				DEBUG_INFORMATION_FORMAT = "dwarf-with-dsym";
				ENABLE_NS_ASSERTIONS = NO;
				ENABLE_STRICT_OBJC_MSGSEND = YES;
				GCC_C_LANGUAGE_STANDARD = gnu11;
				GCC_NO_COMMON_BLOCKS = YES;
				GCC_WARN_64_TO_32_BIT_CONVERSION = YES;
				GCC_WARN_ABOUT_RETURN_TYPE = YES_ERROR;
				GCC_WARN_UNDECLARED_SELECTOR = YES;
				GCC_WARN_UNINITIALIZED_AUTOS = YES_AGGRESSIVE;
				GCC_WARN_UNUSED_FUNCTION = YES;
				GCC_WARN_UNUSED_VARIABLE = YES;
				IPHONEOS_DEPLOYMENT_TARGET = 16.0;
				MTL_ENABLE_DEBUG_INFO = NO;
				MTL_FAST_MATH = YES;
				SDKROOT = iphoneos;
				SWIFT_COMPILATION_MODE = wholemodule;
				SWIFT_OPTIMIZATION_LEVEL = "-O";
				VALIDATE_PRODUCT = YES;
			};
			name = Release;
		};
		552125F22910EE8F0058A8F2 /* Debug */ = {
			isa = XCBuildConfiguration;
			buildSettings = {
				ASSETCATALOG_COMPILER_APPICON_NAME = AppIcon;
				ASSETCATALOG_COMPILER_GLOBAL_ACCENT_COLOR_NAME = AccentColor;
				CODE_SIGN_STYLE = Automatic;
				CURRENT_PROJECT_VERSION = 1;
				DEVELOPMENT_TEAM = GU5MMAQ8BR;
				GENERATE_INFOPLIST_FILE = YES;
				INFOPLIST_FILE = VKApp/Info.plist;
				INFOPLIST_KEY_UIApplicationSupportsIndirectInputEvents = YES;
				INFOPLIST_KEY_UILaunchStoryboardName = LaunchScreen;
				INFOPLIST_KEY_UIMainStoryboardFile = Main;
				INFOPLIST_KEY_UISupportedInterfaceOrientations_iPad = "UIInterfaceOrientationPortrait UIInterfaceOrientationPortraitUpsideDown UIInterfaceOrientationLandscapeLeft UIInterfaceOrientationLandscapeRight";
				INFOPLIST_KEY_UISupportedInterfaceOrientations_iPhone = "UIInterfaceOrientationPortrait UIInterfaceOrientationLandscapeLeft UIInterfaceOrientationLandscapeRight";
				LD_RUNPATH_SEARCH_PATHS = (
					"$(inherited)",
					"@executable_path/Frameworks",
				);
				MARKETING_VERSION = 1.0;
				PRODUCT_BUNDLE_IDENTIFIER = VladkaTeam.VKApp;
				PRODUCT_NAME = "$(TARGET_NAME)";
				SUPPORTED_PLATFORMS = "iphoneos iphonesimulator";
				SUPPORTS_MACCATALYST = NO;
				SUPPORTS_MAC_DESIGNED_FOR_IPHONE_IPAD = NO;
				SWIFT_EMIT_LOC_STRINGS = YES;
				SWIFT_VERSION = 5.0;
				TARGETED_DEVICE_FAMILY = 1;
			};
			name = Debug;
		};
		552125F32910EE8F0058A8F2 /* Release */ = {
			isa = XCBuildConfiguration;
			buildSettings = {
				ASSETCATALOG_COMPILER_APPICON_NAME = AppIcon;
				ASSETCATALOG_COMPILER_GLOBAL_ACCENT_COLOR_NAME = AccentColor;
				CODE_SIGN_STYLE = Automatic;
				CURRENT_PROJECT_VERSION = 1;
				DEVELOPMENT_TEAM = GU5MMAQ8BR;
				GENERATE_INFOPLIST_FILE = YES;
				INFOPLIST_FILE = VKApp/Info.plist;
				INFOPLIST_KEY_UIApplicationSupportsIndirectInputEvents = YES;
				INFOPLIST_KEY_UILaunchStoryboardName = LaunchScreen;
				INFOPLIST_KEY_UIMainStoryboardFile = Main;
				INFOPLIST_KEY_UISupportedInterfaceOrientations_iPad = "UIInterfaceOrientationPortrait UIInterfaceOrientationPortraitUpsideDown UIInterfaceOrientationLandscapeLeft UIInterfaceOrientationLandscapeRight";
				INFOPLIST_KEY_UISupportedInterfaceOrientations_iPhone = "UIInterfaceOrientationPortrait UIInterfaceOrientationLandscapeLeft UIInterfaceOrientationLandscapeRight";
				LD_RUNPATH_SEARCH_PATHS = (
					"$(inherited)",
					"@executable_path/Frameworks",
				);
				MARKETING_VERSION = 1.0;
				PRODUCT_BUNDLE_IDENTIFIER = VladkaTeam.VKApp;
				PRODUCT_NAME = "$(TARGET_NAME)";
				SUPPORTED_PLATFORMS = "iphoneos iphonesimulator";
				SUPPORTS_MACCATALYST = NO;
				SUPPORTS_MAC_DESIGNED_FOR_IPHONE_IPAD = NO;
				SWIFT_EMIT_LOC_STRINGS = YES;
				SWIFT_VERSION = 5.0;
				TARGETED_DEVICE_FAMILY = 1;
			};
			name = Release;
		};
/* End XCBuildConfiguration section */

/* Begin XCConfigurationList section */
		552125D82910EE880058A8F2 /* Build configuration list for PBXProject "VKApp" */ = {
			isa = XCConfigurationList;
			buildConfigurations = (
				552125EF2910EE8F0058A8F2 /* Debug */,
				552125F02910EE8F0058A8F2 /* Release */,
			);
			defaultConfigurationIsVisible = 0;
			defaultConfigurationName = Release;
		};
		552125F12910EE8F0058A8F2 /* Build configuration list for PBXNativeTarget "VKApp" */ = {
			isa = XCConfigurationList;
			buildConfigurations = (
				552125F22910EE8F0058A8F2 /* Debug */,
				552125F32910EE8F0058A8F2 /* Release */,
			);
			defaultConfigurationIsVisible = 0;
			defaultConfigurationName = Release;
		};
/* End XCConfigurationList section */
	};
	rootObject = 552125D52910EE880058A8F2 /* Project object */;
}
