// !$*UTF8*$!
{
	archiveVersion = 1;
	classes = {
	};
	objectVersion = 56;
	objects = {

/* Begin PBXBuildFile section */
		552125E12910EE880058A8F2 /* AppDelegate.swift in Sources */ = {isa = PBXBuildFile; fileRef = 552125E02910EE880058A8F2 /* AppDelegate.swift */; };
		552125E32910EE880058A8F2 /* SceneDelegate.swift in Sources */ = {isa = PBXBuildFile; fileRef = 552125E22910EE880058A8F2 /* SceneDelegate.swift */; };
		552125E82910EE880058A8F2 /* Main.storyboard in Resources */ = {isa = PBXBuildFile; fileRef = 552125E62910EE880058A8F2 /* Main.storyboard */; };
		552125EA2910EE8F0058A8F2 /* Assets.xcassets in Resources */ = {isa = PBXBuildFile; fileRef = 552125E92910EE8F0058A8F2 /* Assets.xcassets */; };
		552125ED2910EE8F0058A8F2 /* LaunchScreen.storyboard in Resources */ = {isa = PBXBuildFile; fileRef = 552125EB2910EE8F0058A8F2 /* LaunchScreen.storyboard */; };
		555276FE2913DB7E009504C0 /* LikeViewControl.swift in Sources */ = {isa = PBXBuildFile; fileRef = 555276FD2913DB7E009504C0 /* LikeViewControl.swift */; };
		55A0360C29114E02003F1DB3 /* FriendsTableViewController.swift in Sources */ = {isa = PBXBuildFile; fileRef = 55A0360B29114E02003F1DB3 /* FriendsTableViewController.swift */; };
		55C652F5291246A40058ADFB /* UIViewController+Extension.swift in Sources */ = {isa = PBXBuildFile; fileRef = 55C652F4291246A40058ADFB /* UIViewController+Extension.swift */; };
		55D5C5B72912B94A00D075D7 /* FriendViewCell.swift in Sources */ = {isa = PBXBuildFile; fileRef = 55D5C5B62912B94A00D075D7 /* FriendViewCell.swift */; };
		55D5C5BB2912C75500D075D7 /* FriendDetailViewCell.swift in Sources */ = {isa = PBXBuildFile; fileRef = 55D5C5BA2912C75500D075D7 /* FriendDetailViewCell.swift */; };
		55D5C5BD2912C88900D075D7 /* FriendDetailCollectionViewController.swift in Sources */ = {isa = PBXBuildFile; fileRef = 55D5C5BC2912C88900D075D7 /* FriendDetailCollectionViewController.swift */; };
		55D5C5C12912D38900D075D7 /* GroupsViewCell.swift in Sources */ = {isa = PBXBuildFile; fileRef = 55D5C5C02912D38900D075D7 /* GroupsViewCell.swift */; };
		55D5C5C32912D40400D075D7 /* Group.swift in Sources */ = {isa = PBXBuildFile; fileRef = 55D5C5C22912D40400D075D7 /* Group.swift */; };
		55D5C5C62912D6A000D075D7 /* GroupsDetailTableViewController.swift in Sources */ = {isa = PBXBuildFile; fileRef = 55D5C5C52912D6A000D075D7 /* GroupsDetailTableViewController.swift */; };
		55D5C5C82912D6CD00D075D7 /* GroupsDetailViewCell.swift in Sources */ = {isa = PBXBuildFile; fileRef = 55D5C5C72912D6CD00D075D7 /* GroupsDetailViewCell.swift */; };
		55E75D882913AC5200776936 /* FriendAvatarView.swift in Sources */ = {isa = PBXBuildFile; fileRef = 55E75D872913AC5200776936 /* FriendAvatarView.swift */; };
		A5B7254E07E1789278434E37 /* Pods_VKApp.framework in Frameworks */ = {isa = PBXBuildFile; fileRef = 32DC871A548AAD7BC030B4D7 /* Pods_VKApp.framework */; };
		CE18DB5E293E299F00DD045B /* HeaderViewCell.swift in Sources */ = {isa = PBXBuildFile; fileRef = CE18DB5D293E299F00DD045B /* HeaderViewCell.swift */; };
		CE18DB60293E29F300DD045B /* FooterViewCell.swift in Sources */ = {isa = PBXBuildFile; fileRef = CE18DB5F293E29F300DD045B /* FooterViewCell.swift */; };
		CE18DB62293E2A0D00DD045B /* PostViewCell.swift in Sources */ = {isa = PBXBuildFile; fileRef = CE18DB61293E2A0D00DD045B /* PostViewCell.swift */; };
		CE18DB69293F58E300DD045B /* News.swift in Sources */ = {isa = PBXBuildFile; fileRef = CE18DB68293F58E300DD045B /* News.swift */; };
		CE1A96B6291D0E4E00E60A61 /* CustomPushAnimator.swift in Sources */ = {isa = PBXBuildFile; fileRef = CE1A96B5291D0E4E00E60A61 /* CustomPushAnimator.swift */; };
		CE1A96B8291D147400E60A61 /* CustomNavigationController.swift in Sources */ = {isa = PBXBuildFile; fileRef = CE1A96B7291D147400E60A61 /* CustomNavigationController.swift */; };
		CE1A96BA291D16A900E60A61 /* CustomInteractiveTransition.swift in Sources */ = {isa = PBXBuildFile; fileRef = CE1A96B9291D16A900E60A61 /* CustomInteractiveTransition.swift */; };
		CE1A96BC291D18C000E60A61 /* CustomPopAnimator.swift in Sources */ = {isa = PBXBuildFile; fileRef = CE1A96BB291D18C000E60A61 /* CustomPopAnimator.swift */; };
		CE242105291C191B00281C4C /* FriendPhotosViewController.swift in Sources */ = {isa = PBXBuildFile; fileRef = CE242104291C191B00281C4C /* FriendPhotosViewController.swift */; };
		CE3000AE29348A110076EA12 /* UserResponse.swift in Sources */ = {isa = PBXBuildFile; fileRef = CE3000AD29348A110076EA12 /* UserResponse.swift */; };
		CE3000B029348A320076EA12 /* UserItem.swift in Sources */ = {isa = PBXBuildFile; fileRef = CE3000AF29348A320076EA12 /* UserItem.swift */; };
		CE3000B229348A510076EA12 /* GroupResponse.swift in Sources */ = {isa = PBXBuildFile; fileRef = CE3000B129348A510076EA12 /* GroupResponse.swift */; };
		CE3000B429348A610076EA12 /* GroupItem.swift in Sources */ = {isa = PBXBuildFile; fileRef = CE3000B329348A610076EA12 /* GroupItem.swift */; };
		CE3000B629348A7E0076EA12 /* PhotoResponse.swift in Sources */ = {isa = PBXBuildFile; fileRef = CE3000B529348A7E0076EA12 /* PhotoResponse.swift */; };
		CE3000B829348AA40076EA12 /* PhotoItem.swift in Sources */ = {isa = PBXBuildFile; fileRef = CE3000B729348AA40076EA12 /* PhotoItem.swift */; };
		CE3000BA29348D270076EA12 /* RealmService.swift in Sources */ = {isa = PBXBuildFile; fileRef = CE3000B929348D270076EA12 /* RealmService.swift */; };
		CE358D2C2940A23200F7A86A /* NewsResponse.swift in Sources */ = {isa = PBXBuildFile; fileRef = CE358D2B2940A23200F7A86A /* NewsResponse.swift */; };
		CE358D2E2940A24A00F7A86A /* NewsResponseItem.swift in Sources */ = {isa = PBXBuildFile; fileRef = CE358D2D2940A24A00F7A86A /* NewsResponseItem.swift */; };
		CE358D302940A25A00F7A86A /* NewsPhotoPost.swift in Sources */ = {isa = PBXBuildFile; fileRef = CE358D2F2940A25A00F7A86A /* NewsPhotoPost.swift */; };
		CE358D342940A27500F7A86A /* Likes.swift in Sources */ = {isa = PBXBuildFile; fileRef = CE358D332940A27500F7A86A /* Likes.swift */; };
		CE358D362940A27F00F7A86A /* Comments.swift in Sources */ = {isa = PBXBuildFile; fileRef = CE358D352940A27F00F7A86A /* Comments.swift */; };
		CE358D382940A28900F7A86A /* Reposts.swift in Sources */ = {isa = PBXBuildFile; fileRef = CE358D372940A28900F7A86A /* Reposts.swift */; };
		CE358D3A2940A29200F7A86A /* Views.swift in Sources */ = {isa = PBXBuildFile; fileRef = CE358D392940A29200F7A86A /* Views.swift */; };
		CE358D3C2941C64B00F7A86A /* AsyncOperation.swift in Sources */ = {isa = PBXBuildFile; fileRef = CE358D3B2941C64B00F7A86A /* AsyncOperation.swift */; };
		CE358D622941F87000F7A86A /* GetDataOperation.swift in Sources */ = {isa = PBXBuildFile; fileRef = CE358D612941F87000F7A86A /* GetDataOperation.swift */; };
		CE358D652941F92300F7A86A /* ParseDataOperation.swift in Sources */ = {isa = PBXBuildFile; fileRef = CE358D642941F92300F7A86A /* ParseDataOperation.swift */; };
		CE358D672941F96100F7A86A /* SaveDataOperation.swift in Sources */ = {isa = PBXBuildFile; fileRef = CE358D662941F96100F7A86A /* SaveDataOperation.swift */; };
		CE358D682942019000F7A86A /* GroupsTableViewController.swift in Sources */ = {isa = PBXBuildFile; fileRef = 55A0360D29114E1F003F1DB3 /* GroupsTableViewController.swift */; };
		CE358D6C2942124000F7A86A /* PromiseNetworkService.swift in Sources */ = {isa = PBXBuildFile; fileRef = CE358D6B2942124000F7A86A /* PromiseNetworkService.swift */; };
		CE358D7529434F4200F7A86A /* PhotoService.swift in Sources */ = {isa = PBXBuildFile; fileRef = CE358D7429434F4200F7A86A /* PhotoService.swift */; };
		CE7DFC1E29379B06004E9A96 /* PhotoSize.swift in Sources */ = {isa = PBXBuildFile; fileRef = CE7DFC1D29379B06004E9A96 /* PhotoSize.swift */; };
		CE9564C3292BD4070080896A /* Session.swift in Sources */ = {isa = PBXBuildFile; fileRef = CE9564C2292BD4070080896A /* Session.swift */; };
		CECD48A5294702510098753D /* PhotoService+Extension.swift in Sources */ = {isa = PBXBuildFile; fileRef = CECD48A4294702510098753D /* PhotoService+Extension.swift */; };
		CEDB3B1C291A3A4D00ED39AC /* NewsTableViewController.swift in Sources */ = {isa = PBXBuildFile; fileRef = CEDB3B1B291A3A4D00ED39AC /* NewsTableViewController.swift */; };
		CEE59FA3292CEA080046EAF2 /* LoginWebViewController.swift in Sources */ = {isa = PBXBuildFile; fileRef = CEE59FA2292CEA080046EAF2 /* LoginWebViewController.swift */; };
		CEE59FA6292CF5680046EAF2 /* NetworkService.swift in Sources */ = {isa = PBXBuildFile; fileRef = CEE59FA5292CF5680046EAF2 /* NetworkService.swift */; };
		CEE59FAD292E453A0046EAF2 /* User.swift in Sources */ = {isa = PBXBuildFile; fileRef = CEE59FAC292E453A0046EAF2 /* User.swift */; };
		CEE59FAF292E45500046EAF2 /* Photo.swift in Sources */ = {isa = PBXBuildFile; fileRef = CEE59FAE292E45500046EAF2 /* Photo.swift */; };
		CEE59FB1292F63B30046EAF2 /* UIImageView+Exstension.swift in Sources */ = {isa = PBXBuildFile; fileRef = CEE59FB0292F63B30046EAF2 /* UIImageView+Exstension.swift */; };
		CEEC3159291A353C00B91C89 /* PhotoViewCell.swift in Sources */ = {isa = PBXBuildFile; fileRef = CEEC3158291A353C00B91C89 /* PhotoViewCell.swift */; };
/* End PBXBuildFile section */

/* Begin PBXFileReference section */
		2886B914980BCCD12CD953B4 /* Pods-VKApp.debug.xcconfig */ = {isa = PBXFileReference; includeInIndex = 1; lastKnownFileType = text.xcconfig; name = "Pods-VKApp.debug.xcconfig"; path = "Target Support Files/Pods-VKApp/Pods-VKApp.debug.xcconfig"; sourceTree = "<group>"; };
		32DC871A548AAD7BC030B4D7 /* Pods_VKApp.framework */ = {isa = PBXFileReference; explicitFileType = wrapper.framework; includeInIndex = 0; path = Pods_VKApp.framework; sourceTree = BUILT_PRODUCTS_DIR; };
		552125DD2910EE880058A8F2 /* VKApp.app */ = {isa = PBXFileReference; explicitFileType = wrapper.application; includeInIndex = 0; path = VKApp.app; sourceTree = BUILT_PRODUCTS_DIR; };
		552125E02910EE880058A8F2 /* AppDelegate.swift */ = {isa = PBXFileReference; lastKnownFileType = sourcecode.swift; path = AppDelegate.swift; sourceTree = "<group>"; };
		552125E22910EE880058A8F2 /* SceneDelegate.swift */ = {isa = PBXFileReference; lastKnownFileType = sourcecode.swift; path = SceneDelegate.swift; sourceTree = "<group>"; };
		552125E72910EE880058A8F2 /* Base */ = {isa = PBXFileReference; lastKnownFileType = file.storyboard; name = Base; path = Base.lproj/Main.storyboard; sourceTree = "<group>"; };
		552125E92910EE8F0058A8F2 /* Assets.xcassets */ = {isa = PBXFileReference; lastKnownFileType = folder.assetcatalog; path = Assets.xcassets; sourceTree = "<group>"; };
		552125EC2910EE8F0058A8F2 /* Base */ = {isa = PBXFileReference; lastKnownFileType = file.storyboard; name = Base; path = Base.lproj/LaunchScreen.storyboard; sourceTree = "<group>"; };
		552125EE2910EE8F0058A8F2 /* Info.plist */ = {isa = PBXFileReference; lastKnownFileType = text.plist.xml; path = Info.plist; sourceTree = "<group>"; };
		555276FD2913DB7E009504C0 /* LikeViewControl.swift */ = {isa = PBXFileReference; lastKnownFileType = sourcecode.swift; path = LikeViewControl.swift; sourceTree = "<group>"; };
		55A0360B29114E02003F1DB3 /* FriendsTableViewController.swift */ = {isa = PBXFileReference; lastKnownFileType = sourcecode.swift; path = FriendsTableViewController.swift; sourceTree = "<group>"; };
		55A0360D29114E1F003F1DB3 /* GroupsTableViewController.swift */ = {isa = PBXFileReference; lastKnownFileType = sourcecode.swift; path = GroupsTableViewController.swift; sourceTree = "<group>"; };
		55C652F4291246A40058ADFB /* UIViewController+Extension.swift */ = {isa = PBXFileReference; lastKnownFileType = sourcecode.swift; path = "UIViewController+Extension.swift"; sourceTree = "<group>"; };
		55D5C5B62912B94A00D075D7 /* FriendViewCell.swift */ = {isa = PBXFileReference; lastKnownFileType = sourcecode.swift; path = FriendViewCell.swift; sourceTree = "<group>"; };
		55D5C5BA2912C75500D075D7 /* FriendDetailViewCell.swift */ = {isa = PBXFileReference; lastKnownFileType = sourcecode.swift; path = FriendDetailViewCell.swift; sourceTree = "<group>"; };
		55D5C5BC2912C88900D075D7 /* FriendDetailCollectionViewController.swift */ = {isa = PBXFileReference; lastKnownFileType = sourcecode.swift; path = FriendDetailCollectionViewController.swift; sourceTree = "<group>"; };
		55D5C5C02912D38900D075D7 /* GroupsViewCell.swift */ = {isa = PBXFileReference; lastKnownFileType = sourcecode.swift; path = GroupsViewCell.swift; sourceTree = "<group>"; };
		55D5C5C22912D40400D075D7 /* Group.swift */ = {isa = PBXFileReference; lastKnownFileType = sourcecode.swift; path = Group.swift; sourceTree = "<group>"; };
		55D5C5C52912D6A000D075D7 /* GroupsDetailTableViewController.swift */ = {isa = PBXFileReference; lastKnownFileType = sourcecode.swift; path = GroupsDetailTableViewController.swift; sourceTree = "<group>"; };
		55D5C5C72912D6CD00D075D7 /* GroupsDetailViewCell.swift */ = {isa = PBXFileReference; lastKnownFileType = sourcecode.swift; path = GroupsDetailViewCell.swift; sourceTree = "<group>"; };
		55E75D872913AC5200776936 /* FriendAvatarView.swift */ = {isa = PBXFileReference; lastKnownFileType = sourcecode.swift; path = FriendAvatarView.swift; sourceTree = "<group>"; };
		C3151A5208DEA50B4B27D923 /* Pods-VKApp.release.xcconfig */ = {isa = PBXFileReference; includeInIndex = 1; lastKnownFileType = text.xcconfig; name = "Pods-VKApp.release.xcconfig"; path = "Target Support Files/Pods-VKApp/Pods-VKApp.release.xcconfig"; sourceTree = "<group>"; };
		CE18DB5D293E299F00DD045B /* HeaderViewCell.swift */ = {isa = PBXFileReference; lastKnownFileType = sourcecode.swift; path = HeaderViewCell.swift; sourceTree = "<group>"; };
		CE18DB5F293E29F300DD045B /* FooterViewCell.swift */ = {isa = PBXFileReference; lastKnownFileType = sourcecode.swift; path = FooterViewCell.swift; sourceTree = "<group>"; };
		CE18DB61293E2A0D00DD045B /* PostViewCell.swift */ = {isa = PBXFileReference; lastKnownFileType = sourcecode.swift; path = PostViewCell.swift; sourceTree = "<group>"; };
		CE18DB68293F58E300DD045B /* News.swift */ = {isa = PBXFileReference; lastKnownFileType = sourcecode.swift; path = News.swift; sourceTree = "<group>"; };
		CE1A96B5291D0E4E00E60A61 /* CustomPushAnimator.swift */ = {isa = PBXFileReference; lastKnownFileType = sourcecode.swift; path = CustomPushAnimator.swift; sourceTree = "<group>"; };
		CE1A96B7291D147400E60A61 /* CustomNavigationController.swift */ = {isa = PBXFileReference; lastKnownFileType = sourcecode.swift; path = CustomNavigationController.swift; sourceTree = "<group>"; };
		CE1A96B9291D16A900E60A61 /* CustomInteractiveTransition.swift */ = {isa = PBXFileReference; lastKnownFileType = sourcecode.swift; path = CustomInteractiveTransition.swift; sourceTree = "<group>"; };
		CE1A96BB291D18C000E60A61 /* CustomPopAnimator.swift */ = {isa = PBXFileReference; lastKnownFileType = sourcecode.swift; path = CustomPopAnimator.swift; sourceTree = "<group>"; };
		CE242104291C191B00281C4C /* FriendPhotosViewController.swift */ = {isa = PBXFileReference; lastKnownFileType = sourcecode.swift; path = FriendPhotosViewController.swift; sourceTree = "<group>"; };
		CE3000AD29348A110076EA12 /* UserResponse.swift */ = {isa = PBXFileReference; lastKnownFileType = sourcecode.swift; path = UserResponse.swift; sourceTree = "<group>"; };
		CE3000AF29348A320076EA12 /* UserItem.swift */ = {isa = PBXFileReference; lastKnownFileType = sourcecode.swift; path = UserItem.swift; sourceTree = "<group>"; };
		CE3000B129348A510076EA12 /* GroupResponse.swift */ = {isa = PBXFileReference; lastKnownFileType = sourcecode.swift; path = GroupResponse.swift; sourceTree = "<group>"; };
		CE3000B329348A610076EA12 /* GroupItem.swift */ = {isa = PBXFileReference; lastKnownFileType = sourcecode.swift; path = GroupItem.swift; sourceTree = "<group>"; };
		CE3000B529348A7E0076EA12 /* PhotoResponse.swift */ = {isa = PBXFileReference; lastKnownFileType = sourcecode.swift; path = PhotoResponse.swift; sourceTree = "<group>"; };
		CE3000B729348AA40076EA12 /* PhotoItem.swift */ = {isa = PBXFileReference; lastKnownFileType = sourcecode.swift; path = PhotoItem.swift; sourceTree = "<group>"; };
		CE3000B929348D270076EA12 /* RealmService.swift */ = {isa = PBXFileReference; lastKnownFileType = sourcecode.swift; path = RealmService.swift; sourceTree = "<group>"; };
		CE358D2B2940A23200F7A86A /* NewsResponse.swift */ = {isa = PBXFileReference; lastKnownFileType = sourcecode.swift; path = NewsResponse.swift; sourceTree = "<group>"; };
		CE358D2D2940A24A00F7A86A /* NewsResponseItem.swift */ = {isa = PBXFileReference; lastKnownFileType = sourcecode.swift; path = NewsResponseItem.swift; sourceTree = "<group>"; };
		CE358D2F2940A25A00F7A86A /* NewsPhotoPost.swift */ = {isa = PBXFileReference; lastKnownFileType = sourcecode.swift; path = NewsPhotoPost.swift; sourceTree = "<group>"; };
		CE358D332940A27500F7A86A /* Likes.swift */ = {isa = PBXFileReference; lastKnownFileType = sourcecode.swift; path = Likes.swift; sourceTree = "<group>"; };
		CE358D352940A27F00F7A86A /* Comments.swift */ = {isa = PBXFileReference; lastKnownFileType = sourcecode.swift; path = Comments.swift; sourceTree = "<group>"; };
		CE358D372940A28900F7A86A /* Reposts.swift */ = {isa = PBXFileReference; lastKnownFileType = sourcecode.swift; path = Reposts.swift; sourceTree = "<group>"; };
		CE358D392940A29200F7A86A /* Views.swift */ = {isa = PBXFileReference; lastKnownFileType = sourcecode.swift; path = Views.swift; sourceTree = "<group>"; };
		CE358D3B2941C64B00F7A86A /* AsyncOperation.swift */ = {isa = PBXFileReference; lastKnownFileType = sourcecode.swift; path = AsyncOperation.swift; sourceTree = "<group>"; };
		CE358D612941F87000F7A86A /* GetDataOperation.swift */ = {isa = PBXFileReference; lastKnownFileType = sourcecode.swift; path = GetDataOperation.swift; sourceTree = "<group>"; };
		CE358D642941F92300F7A86A /* ParseDataOperation.swift */ = {isa = PBXFileReference; lastKnownFileType = sourcecode.swift; path = ParseDataOperation.swift; sourceTree = "<group>"; };
		CE358D662941F96100F7A86A /* SaveDataOperation.swift */ = {isa = PBXFileReference; lastKnownFileType = sourcecode.swift; path = SaveDataOperation.swift; sourceTree = "<group>"; };
		CE358D6B2942124000F7A86A /* PromiseNetworkService.swift */ = {isa = PBXFileReference; lastKnownFileType = sourcecode.swift; path = PromiseNetworkService.swift; sourceTree = "<group>"; };
		CE358D7429434F4200F7A86A /* PhotoService.swift */ = {isa = PBXFileReference; lastKnownFileType = sourcecode.swift; path = PhotoService.swift; sourceTree = "<group>"; };
		CE7DFC1D29379B06004E9A96 /* PhotoSize.swift */ = {isa = PBXFileReference; lastKnownFileType = sourcecode.swift; path = PhotoSize.swift; sourceTree = "<group>"; };
		CE9564C2292BD4070080896A /* Session.swift */ = {isa = PBXFileReference; lastKnownFileType = sourcecode.swift; path = Session.swift; sourceTree = "<group>"; };
		CECD48A4294702510098753D /* PhotoService+Extension.swift */ = {isa = PBXFileReference; lastKnownFileType = sourcecode.swift; path = "PhotoService+Extension.swift"; sourceTree = "<group>"; };
		CEDB3B1B291A3A4D00ED39AC /* NewsTableViewController.swift */ = {isa = PBXFileReference; lastKnownFileType = sourcecode.swift; path = NewsTableViewController.swift; sourceTree = "<group>"; };
		CEE59FA2292CEA080046EAF2 /* LoginWebViewController.swift */ = {isa = PBXFileReference; lastKnownFileType = sourcecode.swift; name = LoginWebViewController.swift; path = Assets.xcassets/LoginWebViewController.swift; sourceTree = "<group>"; };
		CEE59FA5292CF5680046EAF2 /* NetworkService.swift */ = {isa = PBXFileReference; lastKnownFileType = sourcecode.swift; path = NetworkService.swift; sourceTree = "<group>"; };
		CEE59FAC292E453A0046EAF2 /* User.swift */ = {isa = PBXFileReference; lastKnownFileType = sourcecode.swift; path = User.swift; sourceTree = "<group>"; };
		CEE59FAE292E45500046EAF2 /* Photo.swift */ = {isa = PBXFileReference; lastKnownFileType = sourcecode.swift; path = Photo.swift; sourceTree = "<group>"; };
		CEE59FB0292F63B30046EAF2 /* UIImageView+Exstension.swift */ = {isa = PBXFileReference; lastKnownFileType = sourcecode.swift; path = "UIImageView+Exstension.swift"; sourceTree = "<group>"; };
		CEEC3158291A353C00B91C89 /* PhotoViewCell.swift */ = {isa = PBXFileReference; lastKnownFileType = sourcecode.swift; path = PhotoViewCell.swift; sourceTree = "<group>"; };
/* End PBXFileReference section */

/* Begin PBXFrameworksBuildPhase section */
		552125DA2910EE880058A8F2 /* Frameworks */ = {
			isa = PBXFrameworksBuildPhase;
			buildActionMask = 2147483647;
			files = (
				A5B7254E07E1789278434E37 /* Pods_VKApp.framework in Frameworks */,
			);
			runOnlyForDeploymentPostprocessing = 0;
		};
/* End PBXFrameworksBuildPhase section */

/* Begin PBXGroup section */
		48F24D43F8E17A6E2D126415 /* Frameworks */ = {
			isa = PBXGroup;
			children = (
				32DC871A548AAD7BC030B4D7 /* Pods_VKApp.framework */,
			);
			name = Frameworks;
			sourceTree = "<group>";
		};
		552125D42910EE880058A8F2 = {
			isa = PBXGroup;
			children = (
				552125DF2910EE880058A8F2 /* VKApp */,
				552125DE2910EE880058A8F2 /* Products */,
				CA058F0D9FD18310EED03AA4 /* Pods */,
				48F24D43F8E17A6E2D126415 /* Frameworks */,
			);
			sourceTree = "<group>";
		};
		552125DE2910EE880058A8F2 /* Products */ = {
			isa = PBXGroup;
			children = (
				552125DD2910EE880058A8F2 /* VKApp.app */,
			);
			name = Products;
			sourceTree = "<group>";
		};
		552125DF2910EE880058A8F2 /* VKApp */ = {
			isa = PBXGroup;
			children = (
				552125E02910EE880058A8F2 /* AppDelegate.swift */,
				552125E22910EE880058A8F2 /* SceneDelegate.swift */,
				CEE59FA2292CEA080046EAF2 /* LoginWebViewController.swift */,
				CEE59FA4292CF4A60046EAF2 /* Service */,
				55D5C5C42912D4CA00D075D7 /* Model */,
				55D5C5BE2912D35D00D075D7 /* Friends */,
				55D5C5BF2912D36B00D075D7 /* Groups */,
				CE135F14291A5517003B8F1A /* News */,
				55C652F6291247430058ADFB /* Extension */,
				CE1A96BF291D601700E60A61 /* Custom */,
				552125E62910EE880058A8F2 /* Main.storyboard */,
				552125E92910EE8F0058A8F2 /* Assets.xcassets */,
				552125EB2910EE8F0058A8F2 /* LaunchScreen.storyboard */,
				552125EE2910EE8F0058A8F2 /* Info.plist */,
			);
			path = VKApp;
			sourceTree = "<group>";
		};
		55C652F6291247430058ADFB /* Extension */ = {
			isa = PBXGroup;
			children = (
				55C652F4291246A40058ADFB /* UIViewController+Extension.swift */,
				CEE59FB0292F63B30046EAF2 /* UIImageView+Exstension.swift */,
				CECD48A4294702510098753D /* PhotoService+Extension.swift */,
			);
			path = Extension;
			sourceTree = "<group>";
		};
		55D5C5BE2912D35D00D075D7 /* Friends */ = {
			isa = PBXGroup;
			children = (
				55A0360B29114E02003F1DB3 /* FriendsTableViewController.swift */,
				55D5C5B62912B94A00D075D7 /* FriendViewCell.swift */,
				CE242104291C191B00281C4C /* FriendPhotosViewController.swift */,
				55E75D872913AC5200776936 /* FriendAvatarView.swift */,
				555276FD2913DB7E009504C0 /* LikeViewControl.swift */,
				55D5C5BA2912C75500D075D7 /* FriendDetailViewCell.swift */,
				55D5C5BC2912C88900D075D7 /* FriendDetailCollectionViewController.swift */,
			);
			path = Friends;
			sourceTree = "<group>";
		};
		55D5C5BF2912D36B00D075D7 /* Groups */ = {
			isa = PBXGroup;
			children = (
				55A0360D29114E1F003F1DB3 /* GroupsTableViewController.swift */,
				55D5C5C52912D6A000D075D7 /* GroupsDetailTableViewController.swift */,
				55D5C5C72912D6CD00D075D7 /* GroupsDetailViewCell.swift */,
				55D5C5C02912D38900D075D7 /* GroupsViewCell.swift */,
			);
			path = Groups;
			sourceTree = "<group>";
		};
		55D5C5C42912D4CA00D075D7 /* Model */ = {
			isa = PBXGroup;
			children = (
				CEB6DCD5293624AE000107F9 /* User */,
				CEB6DCD6293624B6000107F9 /* Group */,
				CEB6DCD7293624BD000107F9 /* Photo */,
				CE18DB67293F58D500DD045B /* News */,
			);
			path = Model;
			sourceTree = "<group>";
		};
		CA058F0D9FD18310EED03AA4 /* Pods */ = {
			isa = PBXGroup;
			children = (
				2886B914980BCCD12CD953B4 /* Pods-VKApp.debug.xcconfig */,
				C3151A5208DEA50B4B27D923 /* Pods-VKApp.release.xcconfig */,
			);
			path = Pods;
			sourceTree = "<group>";
		};
		CE135F14291A5517003B8F1A /* News */ = {
			isa = PBXGroup;
			children = (
				CE18DB5D293E299F00DD045B /* HeaderViewCell.swift */,
				CEEC3158291A353C00B91C89 /* PhotoViewCell.swift */,
				CE18DB61293E2A0D00DD045B /* PostViewCell.swift */,
				CE18DB5F293E29F300DD045B /* FooterViewCell.swift */,
				CEDB3B1B291A3A4D00ED39AC /* NewsTableViewController.swift */,
			);
			path = News;
			sourceTree = "<group>";
		};
		CE18DB67293F58D500DD045B /* News */ = {
			isa = PBXGroup;
			children = (
				CE18DB68293F58E300DD045B /* News.swift */,
				CE358D2B2940A23200F7A86A /* NewsResponse.swift */,
				CE358D2D2940A24A00F7A86A /* NewsResponseItem.swift */,
				CE358D2F2940A25A00F7A86A /* NewsPhotoPost.swift */,
				CE358D332940A27500F7A86A /* Likes.swift */,
				CE358D352940A27F00F7A86A /* Comments.swift */,
				CE358D372940A28900F7A86A /* Reposts.swift */,
				CE358D392940A29200F7A86A /* Views.swift */,
			);
			path = News;
			sourceTree = "<group>";
		};
		CE1A96BF291D601700E60A61 /* Custom */ = {
			isa = PBXGroup;
			children = (
				CE1A96B5291D0E4E00E60A61 /* CustomPushAnimator.swift */,
				CE1A96BB291D18C000E60A61 /* CustomPopAnimator.swift */,
				CE1A96B7291D147400E60A61 /* CustomNavigationController.swift */,
				CE1A96B9291D16A900E60A61 /* CustomInteractiveTransition.swift */,
			);
			path = Custom;
			sourceTree = "<group>";
		};
		CE358D632941F90400F7A86A /* Operation */ = {
			isa = PBXGroup;
			children = (
				CE358D3B2941C64B00F7A86A /* AsyncOperation.swift */,
				CE358D612941F87000F7A86A /* GetDataOperation.swift */,
				CE358D642941F92300F7A86A /* ParseDataOperation.swift */,
				CE358D662941F96100F7A86A /* SaveDataOperation.swift */,
			);
			path = Operation;
			sourceTree = "<group>";
		};
		CEB6DCD5293624AE000107F9 /* User */ = {
			isa = PBXGroup;
			children = (
				CEE59FAC292E453A0046EAF2 /* User.swift */,
				CE3000AD29348A110076EA12 /* UserResponse.swift */,
				CE3000AF29348A320076EA12 /* UserItem.swift */,
			);
			path = User;
			sourceTree = "<group>";
		};
		CEB6DCD6293624B6000107F9 /* Group */ = {
			isa = PBXGroup;
			children = (
				55D5C5C22912D40400D075D7 /* Group.swift */,
				CE3000B129348A510076EA12 /* GroupResponse.swift */,
				CE3000B329348A610076EA12 /* GroupItem.swift */,
			);
			path = Group;
			sourceTree = "<group>";
		};
		CEB6DCD7293624BD000107F9 /* Photo */ = {
			isa = PBXGroup;
			children = (
				CEE59FAE292E45500046EAF2 /* Photo.swift */,
				CE3000B529348A7E0076EA12 /* PhotoResponse.swift */,
				CE3000B729348AA40076EA12 /* PhotoItem.swift */,
				CE7DFC1D29379B06004E9A96 /* PhotoSize.swift */,
			);
			path = Photo;
			sourceTree = "<group>";
		};
		CEE59FA4292CF4A60046EAF2 /* Service */ = {
			isa = PBXGroup;
			children = (
				CEE59FA5292CF5680046EAF2 /* NetworkService.swift */,
				CE358D6B2942124000F7A86A /* PromiseNetworkService.swift */,
				CE9564C2292BD4070080896A /* Session.swift */,
				CE3000B929348D270076EA12 /* RealmService.swift */,
				CE358D7429434F4200F7A86A /* PhotoService.swift */,
				CE358D632941F90400F7A86A /* Operation */,
			);
			path = Service;
			sourceTree = "<group>";
		};
/* End PBXGroup section */

/* Begin PBXNativeTarget section */
		552125DC2910EE880058A8F2 /* VKApp */ = {
			isa = PBXNativeTarget;
			buildConfigurationList = 552125F12910EE8F0058A8F2 /* Build configuration list for PBXNativeTarget "VKApp" */;
			buildPhases = (
				65E7E2ED09D2367DC36D4B5F /* [CP] Check Pods Manifest.lock */,
				552125D92910EE880058A8F2 /* Sources */,
				552125DA2910EE880058A8F2 /* Frameworks */,
				552125DB2910EE880058A8F2 /* Resources */,
				552125F42910EED60058A8F2 /* SwiftFormater */,
				CE11DDFA2916F1880060B39B /* SwiftLint */,
				E176C06C6D84566E8172A93F /* [CP] Embed Pods Frameworks */,
			);
			buildRules = (
			);
			dependencies = (
			);
			name = VKApp;
			productName = VKApp;
			productReference = 552125DD2910EE880058A8F2 /* VKApp.app */;
			productType = "com.apple.product-type.application";
		};
/* End PBXNativeTarget section */

/* Begin PBXProject section */
		552125D52910EE880058A8F2 /* Project object */ = {
			isa = PBXProject;
			attributes = {
				BuildIndependentTargetsInParallel = 1;
				LastSwiftUpdateCheck = 1400;
				LastUpgradeCheck = 1400;
				TargetAttributes = {
					552125DC2910EE880058A8F2 = {
						CreatedOnToolsVersion = 14.0.1;
					};
				};
			};
			buildConfigurationList = 552125D82910EE880058A8F2 /* Build configuration list for PBXProject "VKApp" */;
			compatibilityVersion = "Xcode 14.0";
			developmentRegion = en;
			hasScannedForEncodings = 0;
			knownRegions = (
				en,
				Base,
			);
			mainGroup = 552125D42910EE880058A8F2;
			productRefGroup = 552125DE2910EE880058A8F2 /* Products */;
			projectDirPath = "";
			projectRoot = "";
			targets = (
				552125DC2910EE880058A8F2 /* VKApp */,
			);
		};
/* End PBXProject section */

/* Begin PBXResourcesBuildPhase section */
		552125DB2910EE880058A8F2 /* Resources */ = {
			isa = PBXResourcesBuildPhase;
			buildActionMask = 2147483647;
			files = (
				552125ED2910EE8F0058A8F2 /* LaunchScreen.storyboard in Resources */,
				552125EA2910EE8F0058A8F2 /* Assets.xcassets in Resources */,
				552125E82910EE880058A8F2 /* Main.storyboard in Resources */,
			);
			runOnlyForDeploymentPostprocessing = 0;
		};
/* End PBXResourcesBuildPhase section */

/* Begin PBXShellScriptBuildPhase section */
		552125F42910EED60058A8F2 /* SwiftFormater */ = {
			isa = PBXShellScriptBuildPhase;
			alwaysOutOfDate = 1;
			buildActionMask = 2147483647;
			files = (
			);
			inputFileListPaths = (
			);
			inputPaths = (
			);
			name = SwiftFormater;
			outputFileListPaths = (
			);
			outputPaths = (
			);
			runOnlyForDeploymentPostprocessing = 0;
			shellPath = /bin/sh;
			shellScript = "export PATH=\"$PATH:/opt/homebrew/bin\"\nif which swiftformat >/dev/null; then\n  swiftformat .\nelse\n  echo \"warning: SwiftFormat not installed, download from https://github.com/nicklockwood/SwiftFormat\"\nfi\n";
		};
		65E7E2ED09D2367DC36D4B5F /* [CP] Check Pods Manifest.lock */ = {
			isa = PBXShellScriptBuildPhase;
			buildActionMask = 2147483647;
			files = (
			);
			inputFileListPaths = (
			);
			inputPaths = (
				"${PODS_PODFILE_DIR_PATH}/Podfile.lock",
				"${PODS_ROOT}/Manifest.lock",
			);
			name = "[CP] Check Pods Manifest.lock";
			outputFileListPaths = (
			);
			outputPaths = (
				"$(DERIVED_FILE_DIR)/Pods-VKApp-checkManifestLockResult.txt",
			);
			runOnlyForDeploymentPostprocessing = 0;
			shellPath = /bin/sh;
			shellScript = "diff \"${PODS_PODFILE_DIR_PATH}/Podfile.lock\" \"${PODS_ROOT}/Manifest.lock\" > /dev/null\nif [ $? != 0 ] ; then\n    # print error to STDERR\n    echo \"error: The sandbox is not in sync with the Podfile.lock. Run 'pod install' or update your CocoaPods installation.\" >&2\n    exit 1\nfi\n# This output is used by Xcode 'outputs' to avoid re-running this script phase.\necho \"SUCCESS\" > \"${SCRIPT_OUTPUT_FILE_0}\"\n";
			showEnvVarsInLog = 0;
		};
		CE11DDFA2916F1880060B39B /* SwiftLint */ = {
			isa = PBXShellScriptBuildPhase;
			alwaysOutOfDate = 1;
			buildActionMask = 12;
			files = (
			);
			inputFileListPaths = (
			);
			inputPaths = (
			);
			name = SwiftLint;
			outputFileListPaths = (
			);
			outputPaths = (
			);
			runOnlyForDeploymentPostprocessing = 0;
			shellPath = /bin/sh;
			shellScript = "export PATH=\"$PATH:/opt/homebrew/bin\"\nif which swiftlint > /dev/null; then\n  swiftlint\nelse\n  echo \"warning: SwiftLint not installed, download from https://github.com/realm/SwiftLint\"\nfi\n";
		};
		E176C06C6D84566E8172A93F /* [CP] Embed Pods Frameworks */ = {
			isa = PBXShellScriptBuildPhase;
			buildActionMask = 2147483647;
			files = (
			);
			inputFileListPaths = (
				"${PODS_ROOT}/Target Support Files/Pods-VKApp/Pods-VKApp-frameworks-${CONFIGURATION}-input-files.xcfilelist",
			);
			name = "[CP] Embed Pods Frameworks";
			outputFileListPaths = (
				"${PODS_ROOT}/Target Support Files/Pods-VKApp/Pods-VKApp-frameworks-${CONFIGURATION}-output-files.xcfilelist",
			);
			runOnlyForDeploymentPostprocessing = 0;
			shellPath = /bin/sh;
			shellScript = "\"${PODS_ROOT}/Target Support Files/Pods-VKApp/Pods-VKApp-frameworks.sh\"\n";
			showEnvVarsInLog = 0;
		};
/* End PBXShellScriptBuildPhase section */

/* Begin PBXSourcesBuildPhase section */
		552125D92910EE880058A8F2 /* Sources */ = {
			isa = PBXSourcesBuildPhase;
			buildActionMask = 2147483647;
			files = (
				CE18DB62293E2A0D00DD045B /* PostViewCell.swift in Sources */,
				CE358D2C2940A23200F7A86A /* NewsResponse.swift in Sources */,
				CE3000B229348A510076EA12 /* GroupResponse.swift in Sources */,
				CE18DB5E293E299F00DD045B /* HeaderViewCell.swift in Sources */,
				CE358D3A2940A29200F7A86A /* Views.swift in Sources */,
				CEE59FAF292E45500046EAF2 /* Photo.swift in Sources */,
				CE1A96B8291D147400E60A61 /* CustomNavigationController.swift in Sources */,
				55D5C5B72912B94A00D075D7 /* FriendViewCell.swift in Sources */,
				CEE59FA6292CF5680046EAF2 /* NetworkService.swift in Sources */,
				CEE59FB1292F63B30046EAF2 /* UIImageView+Exstension.swift in Sources */,
				CE3000B429348A610076EA12 /* GroupItem.swift in Sources */,
				CE3000B029348A320076EA12 /* UserItem.swift in Sources */,
				CE18DB69293F58E300DD045B /* News.swift in Sources */,
				CE242105291C191B00281C4C /* FriendPhotosViewController.swift in Sources */,
				CEEC3159291A353C00B91C89 /* PhotoViewCell.swift in Sources */,
				CE3000BA29348D270076EA12 /* RealmService.swift in Sources */,
				CE358D362940A27F00F7A86A /* Comments.swift in Sources */,
				CE358D3C2941C64B00F7A86A /* AsyncOperation.swift in Sources */,
				CEE59FAD292E453A0046EAF2 /* User.swift in Sources */,
				55E75D882913AC5200776936 /* FriendAvatarView.swift in Sources */,
				CE358D302940A25A00F7A86A /* NewsPhotoPost.swift in Sources */,
				55C652F5291246A40058ADFB /* UIViewController+Extension.swift in Sources */,
				555276FE2913DB7E009504C0 /* LikeViewControl.swift in Sources */,
				CE9564C3292BD4070080896A /* Session.swift in Sources */,
				55D5C5C12912D38900D075D7 /* GroupsViewCell.swift in Sources */,
				CE358D7529434F4200F7A86A /* PhotoService.swift in Sources */,
				CE358D652941F92300F7A86A /* ParseDataOperation.swift in Sources */,
				552125E12910EE880058A8F2 /* AppDelegate.swift in Sources */,
				55D5C5BD2912C88900D075D7 /* FriendDetailCollectionViewController.swift in Sources */,
				CE358D622941F87000F7A86A /* GetDataOperation.swift in Sources */,
				CE358D2E2940A24A00F7A86A /* NewsResponseItem.swift in Sources */,
				CE1A96BA291D16A900E60A61 /* CustomInteractiveTransition.swift in Sources */,
				CE358D672941F96100F7A86A /* SaveDataOperation.swift in Sources */,
				CE1A96B6291D0E4E00E60A61 /* CustomPushAnimator.swift in Sources */,
				CE3000AE29348A110076EA12 /* UserResponse.swift in Sources */,
				CE1A96BC291D18C000E60A61 /* CustomPopAnimator.swift in Sources */,
				55D5C5C62912D6A000D075D7 /* GroupsDetailTableViewController.swift in Sources */,
				CE7DFC1E29379B06004E9A96 /* PhotoSize.swift in Sources */,
				55A0360C29114E02003F1DB3 /* FriendsTableViewController.swift in Sources */,
				CE358D342940A27500F7A86A /* Likes.swift in Sources */,
				55D5C5BB2912C75500D075D7 /* FriendDetailViewCell.swift in Sources */,
				CE3000B629348A7E0076EA12 /* PhotoResponse.swift in Sources */,
				CE358D682942019000F7A86A /* GroupsTableViewController.swift in Sources */,
				552125E32910EE880058A8F2 /* SceneDelegate.swift in Sources */,
				55D5C5C82912D6CD00D075D7 /* GroupsDetailViewCell.swift in Sources */,
				CE18DB60293E29F300DD045B /* FooterViewCell.swift in Sources */,
				CEDB3B1C291A3A4D00ED39AC /* NewsTableViewController.swift in Sources */,
				CECD48A5294702510098753D /* PhotoService+Extension.swift in Sources */,
				CE358D6C2942124000F7A86A /* PromiseNetworkService.swift in Sources */,
				55D5C5C32912D40400D075D7 /* Group.swift in Sources */,
				CE358D382940A28900F7A86A /* Reposts.swift in Sources */,
				CEE59FA3292CEA080046EAF2 /* LoginWebViewController.swift in Sources */,
				CE3000B829348AA40076EA12 /* PhotoItem.swift in Sources */,
			);
			runOnlyForDeploymentPostprocessing = 0;
		};
/* End PBXSourcesBuildPhase section */

/* Begin PBXVariantGroup section */
		552125E62910EE880058A8F2 /* Main.storyboard */ = {
			isa = PBXVariantGroup;
			children = (
				552125E72910EE880058A8F2 /* Base */,
			);
			name = Main.storyboard;
			sourceTree = "<group>";
		};
		552125EB2910EE8F0058A8F2 /* LaunchScreen.storyboard */ = {
			isa = PBXVariantGroup;
			children = (
				552125EC2910EE8F0058A8F2 /* Base */,
			);
			name = LaunchScreen.storyboard;
			sourceTree = "<group>";
		};
/* End PBXVariantGroup section */

/* Begin XCBuildConfiguration section */
		552125EF2910EE8F0058A8F2 /* Debug */ = {
			isa = XCBuildConfiguration;
			buildSettings = {
				ALWAYS_SEARCH_USER_PATHS = NO;
				CLANG_ANALYZER_NONNULL = YES;
				CLANG_ANALYZER_NUMBER_OBJECT_CONVERSION = YES_AGGRESSIVE;
				CLANG_CXX_LANGUAGE_STANDARD = "gnu++20";
				CLANG_ENABLE_MODULES = YES;
				CLANG_ENABLE_OBJC_ARC = YES;
				CLANG_ENABLE_OBJC_WEAK = YES;
				CLANG_WARN_BLOCK_CAPTURE_AUTORELEASING = YES;
				CLANG_WARN_BOOL_CONVERSION = YES;
				CLANG_WARN_COMMA = YES;
				CLANG_WARN_CONSTANT_CONVERSION = YES;
				CLANG_WARN_DEPRECATED_OBJC_IMPLEMENTATIONS = YES;
				CLANG_WARN_DIRECT_OBJC_ISA_USAGE = YES_ERROR;
				CLANG_WARN_DOCUMENTATION_COMMENTS = YES;
				CLANG_WARN_EMPTY_BODY = YES;
				CLANG_WARN_ENUM_CONVERSION = YES;
				CLANG_WARN_INFINITE_RECURSION = YES;
				CLANG_WARN_INT_CONVERSION = YES;
				CLANG_WARN_NON_LITERAL_NULL_CONVERSION = YES;
				CLANG_WARN_OBJC_IMPLICIT_RETAIN_SELF = YES;
				CLANG_WARN_OBJC_LITERAL_CONVERSION = YES;
				CLANG_WARN_OBJC_ROOT_CLASS = YES_ERROR;
				CLANG_WARN_QUOTED_INCLUDE_IN_FRAMEWORK_HEADER = YES;
				CLANG_WARN_RANGE_LOOP_ANALYSIS = YES;
				CLANG_WARN_STRICT_PROTOTYPES = YES;
				CLANG_WARN_SUSPICIOUS_MOVE = YES;
				CLANG_WARN_UNGUARDED_AVAILABILITY = YES_AGGRESSIVE;
				CLANG_WARN_UNREACHABLE_CODE = YES;
				CLANG_WARN__DUPLICATE_METHOD_MATCH = YES;
				COPY_PHASE_STRIP = NO;
				DEBUG_INFORMATION_FORMAT = dwarf;
				ENABLE_STRICT_OBJC_MSGSEND = YES;
				ENABLE_TESTABILITY = YES;
				GCC_C_LANGUAGE_STANDARD = gnu11;
				GCC_DYNAMIC_NO_PIC = NO;
				GCC_NO_COMMON_BLOCKS = YES;
				GCC_OPTIMIZATION_LEVEL = 0;
				GCC_PREPROCESSOR_DEFINITIONS = (
					"DEBUG=1",
					"$(inherited)",
				);
				GCC_WARN_64_TO_32_BIT_CONVERSION = YES;
				GCC_WARN_ABOUT_RETURN_TYPE = YES_ERROR;
				GCC_WARN_UNDECLARED_SELECTOR = YES;
				GCC_WARN_UNINITIALIZED_AUTOS = YES_AGGRESSIVE;
				GCC_WARN_UNUSED_FUNCTION = YES;
				GCC_WARN_UNUSED_VARIABLE = YES;
				IPHONEOS_DEPLOYMENT_TARGET = 16.0;
				MTL_ENABLE_DEBUG_INFO = INCLUDE_SOURCE;
				MTL_FAST_MATH = YES;
				ONLY_ACTIVE_ARCH = YES;
				SDKROOT = iphoneos;
				SWIFT_ACTIVE_COMPILATION_CONDITIONS = DEBUG;
				SWIFT_OPTIMIZATION_LEVEL = "-Onone";
			};
			name = Debug;
		};
		552125F02910EE8F0058A8F2 /* Release */ = {
			isa = XCBuildConfiguration;
			buildSettings = {
				ALWAYS_SEARCH_USER_PATHS = NO;
				CLANG_ANALYZER_NONNULL = YES;
				CLANG_ANALYZER_NUMBER_OBJECT_CONVERSION = YES_AGGRESSIVE;
				CLANG_CXX_LANGUAGE_STANDARD = "gnu++20";
				CLANG_ENABLE_MODULES = YES;
				CLANG_ENABLE_OBJC_ARC = YES;
				CLANG_ENABLE_OBJC_WEAK = YES;
				CLANG_WARN_BLOCK_CAPTURE_AUTORELEASING = YES;
				CLANG_WARN_BOOL_CONVERSION = YES;
				CLANG_WARN_COMMA = YES;
				CLANG_WARN_CONSTANT_CONVERSION = YES;
				CLANG_WARN_DEPRECATED_OBJC_IMPLEMENTATIONS = YES;
				CLANG_WARN_DIRECT_OBJC_ISA_USAGE = YES_ERROR;
				CLANG_WARN_DOCUMENTATION_COMMENTS = YES;
				CLANG_WARN_EMPTY_BODY = YES;
				CLANG_WARN_ENUM_CONVERSION = YES;
				CLANG_WARN_INFINITE_RECURSION = YES;
				CLANG_WARN_INT_CONVERSION = YES;
				CLANG_WARN_NON_LITERAL_NULL_CONVERSION = YES;
				CLANG_WARN_OBJC_IMPLICIT_RETAIN_SELF = YES;
				CLANG_WARN_OBJC_LITERAL_CONVERSION = YES;
				CLANG_WARN_OBJC_ROOT_CLASS = YES_ERROR;
				CLANG_WARN_QUOTED_INCLUDE_IN_FRAMEWORK_HEADER = YES;
				CLANG_WARN_RANGE_LOOP_ANALYSIS = YES;
				CLANG_WARN_STRICT_PROTOTYPES = YES;
				CLANG_WARN_SUSPICIOUS_MOVE = YES;
				CLANG_WARN_UNGUARDED_AVAILABILITY = YES_AGGRESSIVE;
				CLANG_WARN_UNREACHABLE_CODE = YES;
				CLANG_WARN__DUPLICATE_METHOD_MATCH = YES;
				COPY_PHASE_STRIP = NO;
				DEBUG_INFORMATION_FORMAT = "dwarf-with-dsym";
				ENABLE_NS_ASSERTIONS = NO;
				ENABLE_STRICT_OBJC_MSGSEND = YES;
				GCC_C_LANGUAGE_STANDARD = gnu11;
				GCC_NO_COMMON_BLOCKS = YES;
				GCC_WARN_64_TO_32_BIT_CONVERSION = YES;
				GCC_WARN_ABOUT_RETURN_TYPE = YES_ERROR;
				GCC_WARN_UNDECLARED_SELECTOR = YES;
				GCC_WARN_UNINITIALIZED_AUTOS = YES_AGGRESSIVE;
				GCC_WARN_UNUSED_FUNCTION = YES;
				GCC_WARN_UNUSED_VARIABLE = YES;
				IPHONEOS_DEPLOYMENT_TARGET = 16.0;
				MTL_ENABLE_DEBUG_INFO = NO;
				MTL_FAST_MATH = YES;
				SDKROOT = iphoneos;
				SWIFT_COMPILATION_MODE = wholemodule;
				SWIFT_OPTIMIZATION_LEVEL = "-O";
				VALIDATE_PRODUCT = YES;
			};
			name = Release;
		};
		552125F22910EE8F0058A8F2 /* Debug */ = {
			isa = XCBuildConfiguration;
			baseConfigurationReference = 2886B914980BCCD12CD953B4 /* Pods-VKApp.debug.xcconfig */;
			buildSettings = {
				ASSETCATALOG_COMPILER_APPICON_NAME = AppIcon;
				ASSETCATALOG_COMPILER_GLOBAL_ACCENT_COLOR_NAME = AccentColor;
				CODE_SIGN_STYLE = Automatic;
				CURRENT_PROJECT_VERSION = 1;
				DEVELOPMENT_TEAM = GU5MMAQ8BR;
				GENERATE_INFOPLIST_FILE = YES;
				INFOPLIST_FILE = VKApp/Info.plist;
				INFOPLIST_KEY_UIApplicationSupportsIndirectInputEvents = YES;
				INFOPLIST_KEY_UILaunchStoryboardName = LaunchScreen;
				INFOPLIST_KEY_UIMainStoryboardFile = Main;
				INFOPLIST_KEY_UISupportedInterfaceOrientations_iPad = "UIInterfaceOrientationPortrait UIInterfaceOrientationPortraitUpsideDown UIInterfaceOrientationLandscapeLeft UIInterfaceOrientationLandscapeRight";
				INFOPLIST_KEY_UISupportedInterfaceOrientations_iPhone = "UIInterfaceOrientationPortrait UIInterfaceOrientationLandscapeLeft UIInterfaceOrientationLandscapeRight";
				IPHONEOS_DEPLOYMENT_TARGET = 16.0;
				LD_RUNPATH_SEARCH_PATHS = (
					"$(inherited)",
					"@executable_path/Frameworks",
				);
				MARKETING_VERSION = 1.0;
				PRODUCT_BUNDLE_IDENTIFIER = VladkaTeam.VKApp;
				PRODUCT_NAME = "$(TARGET_NAME)";
				SUPPORTED_PLATFORMS = "iphoneos iphonesimulator";
				SUPPORTS_MACCATALYST = NO;
				SUPPORTS_MAC_DESIGNED_FOR_IPHONE_IPAD = NO;
				SWIFT_EMIT_LOC_STRINGS = YES;
				SWIFT_VERSION = 5.0;
				TARGETED_DEVICE_FAMILY = 1;
			};
			name = Debug;
		};
		552125F32910EE8F0058A8F2 /* Release */ = {
			isa = XCBuildConfiguration;
			baseConfigurationReference = C3151A5208DEA50B4B27D923 /* Pods-VKApp.release.xcconfig */;
			buildSettings = {
				ASSETCATALOG_COMPILER_APPICON_NAME = AppIcon;
				ASSETCATALOG_COMPILER_GLOBAL_ACCENT_COLOR_NAME = AccentColor;
				CODE_SIGN_STYLE = Automatic;
				CURRENT_PROJECT_VERSION = 1;
				DEVELOPMENT_TEAM = GU5MMAQ8BR;
				GENERATE_INFOPLIST_FILE = YES;
				INFOPLIST_FILE = VKApp/Info.plist;
				INFOPLIST_KEY_UIApplicationSupportsIndirectInputEvents = YES;
				INFOPLIST_KEY_UILaunchStoryboardName = LaunchScreen;
				INFOPLIST_KEY_UIMainStoryboardFile = Main;
				INFOPLIST_KEY_UISupportedInterfaceOrientations_iPad = "UIInterfaceOrientationPortrait UIInterfaceOrientationPortraitUpsideDown UIInterfaceOrientationLandscapeLeft UIInterfaceOrientationLandscapeRight";
				INFOPLIST_KEY_UISupportedInterfaceOrientations_iPhone = "UIInterfaceOrientationPortrait UIInterfaceOrientationLandscapeLeft UIInterfaceOrientationLandscapeRight";
				IPHONEOS_DEPLOYMENT_TARGET = 16.0;
				LD_RUNPATH_SEARCH_PATHS = (
					"$(inherited)",
					"@executable_path/Frameworks",
				);
				MARKETING_VERSION = 1.0;
				PRODUCT_BUNDLE_IDENTIFIER = VladkaTeam.VKApp;
				PRODUCT_NAME = "$(TARGET_NAME)";
				SUPPORTED_PLATFORMS = "iphoneos iphonesimulator";
				SUPPORTS_MACCATALYST = NO;
				SUPPORTS_MAC_DESIGNED_FOR_IPHONE_IPAD = NO;
				SWIFT_EMIT_LOC_STRINGS = YES;
				SWIFT_VERSION = 5.0;
				TARGETED_DEVICE_FAMILY = 1;
			};
			name = Release;
		};
/* End XCBuildConfiguration section */

/* Begin XCConfigurationList section */
		552125D82910EE880058A8F2 /* Build configuration list for PBXProject "VKApp" */ = {
			isa = XCConfigurationList;
			buildConfigurations = (
				552125EF2910EE8F0058A8F2 /* Debug */,
				552125F02910EE8F0058A8F2 /* Release */,
			);
			defaultConfigurationIsVisible = 0;
			defaultConfigurationName = Release;
		};
		552125F12910EE8F0058A8F2 /* Build configuration list for PBXNativeTarget "VKApp" */ = {
			isa = XCConfigurationList;
			buildConfigurations = (
				552125F22910EE8F0058A8F2 /* Debug */,
				552125F32910EE8F0058A8F2 /* Release */,
			);
			defaultConfigurationIsVisible = 0;
			defaultConfigurationName = Release;
		};
/* End XCConfigurationList section */
	};
	rootObject = 552125D52910EE880058A8F2 /* Project object */;
}
