// !$*UTF8*$!
{
	archiveVersion = 1;
	classes = {
	};
	objectVersion = 56;
	objects = {

/* Begin PBXBuildFile section */
		552125E12910EE880058A8F2 /* AppDelegate.swift in Sources */ = {isa = PBXBuildFile; fileRef = 552125E02910EE880058A8F2 /* AppDelegate.swift */; };
		552125E32910EE880058A8F2 /* SceneDelegate.swift in Sources */ = {isa = PBXBuildFile; fileRef = 552125E22910EE880058A8F2 /* SceneDelegate.swift */; };
		552125E82910EE880058A8F2 /* Main.storyboard in Resources */ = {isa = PBXBuildFile; fileRef = 552125E62910EE880058A8F2 /* Main.storyboard */; };
		552125EA2910EE8F0058A8F2 /* Assets.xcassets in Resources */ = {isa = PBXBuildFile; fileRef = 552125E92910EE8F0058A8F2 /* Assets.xcassets */; };
		552125ED2910EE8F0058A8F2 /* LaunchScreen.storyboard in Resources */ = {isa = PBXBuildFile; fileRef = 552125EB2910EE8F0058A8F2 /* LaunchScreen.storyboard */; };
		555276FE2913DB7E009504C0 /* LikeViewControl.swift in Sources */ = {isa = PBXBuildFile; fileRef = 555276FD2913DB7E009504C0 /* LikeViewControl.swift */; };
		55A0360C29114E02003F1DB3 /* FriendsTableViewController.swift in Sources */ = {isa = PBXBuildFile; fileRef = 55A0360B29114E02003F1DB3 /* FriendsTableViewController.swift */; };
		55A0360E29114E1F003F1DB3 /* GroupsTableViewController.swift in Sources */ = {isa = PBXBuildFile; fileRef = 55A0360D29114E1F003F1DB3 /* GroupsTableViewController.swift */; };
		55C652F5291246A40058ADFB /* UIViewController+Extension.swift in Sources */ = {isa = PBXBuildFile; fileRef = 55C652F4291246A40058ADFB /* UIViewController+Extension.swift */; };
		55D5C5B72912B94A00D075D7 /* FriendViewCell.swift in Sources */ = {isa = PBXBuildFile; fileRef = 55D5C5B62912B94A00D075D7 /* FriendViewCell.swift */; };
		55D5C5B92912BD0F00D075D7 /* Friend.swift in Sources */ = {isa = PBXBuildFile; fileRef = 55D5C5B82912BD0F00D075D7 /* Friend.swift */; };
		55D5C5BB2912C75500D075D7 /* FriendDetailViewCell.swift in Sources */ = {isa = PBXBuildFile; fileRef = 55D5C5BA2912C75500D075D7 /* FriendDetailViewCell.swift */; };
		55D5C5BD2912C88900D075D7 /* FriendDetailCollectionViewController.swift in Sources */ = {isa = PBXBuildFile; fileRef = 55D5C5BC2912C88900D075D7 /* FriendDetailCollectionViewController.swift */; };
		55D5C5C12912D38900D075D7 /* GroupsViewCell.swift in Sources */ = {isa = PBXBuildFile; fileRef = 55D5C5C02912D38900D075D7 /* GroupsViewCell.swift */; };
		55D5C5C32912D40400D075D7 /* Group.swift in Sources */ = {isa = PBXBuildFile; fileRef = 55D5C5C22912D40400D075D7 /* Group.swift */; };
		55D5C5C62912D6A000D075D7 /* GroupsDetailTableViewController.swift in Sources */ = {isa = PBXBuildFile; fileRef = 55D5C5C52912D6A000D075D7 /* GroupsDetailTableViewController.swift */; };
		55D5C5C82912D6CD00D075D7 /* GroupsDetailViewCell.swift in Sources */ = {isa = PBXBuildFile; fileRef = 55D5C5C72912D6CD00D075D7 /* GroupsDetailViewCell.swift */; };
		55E75D882913AC5200776936 /* FriendAvatarView.swift in Sources */ = {isa = PBXBuildFile; fileRef = 55E75D872913AC5200776936 /* FriendAvatarView.swift */; };
		76F75E5FB84ACEFACEA4F111 /* Pods_VKApp.framework in Frameworks */ = {isa = PBXBuildFile; fileRef = E639E89FFB3E2C20D7F53FA2 /* Pods_VKApp.framework */; };
		CE135F11291A418C003B8F1A /* News.swift in Sources */ = {isa = PBXBuildFile; fileRef = CE135F10291A418C003B8F1A /* News.swift */; };
		CE1A96B6291D0E4E00E60A61 /* CustomPushAnimator.swift in Sources */ = {isa = PBXBuildFile; fileRef = CE1A96B5291D0E4E00E60A61 /* CustomPushAnimator.swift */; };
		CE1A96B8291D147400E60A61 /* CustomNavigationController.swift in Sources */ = {isa = PBXBuildFile; fileRef = CE1A96B7291D147400E60A61 /* CustomNavigationController.swift */; };
		CE1A96BA291D16A900E60A61 /* CustomInteractiveTransition.swift in Sources */ = {isa = PBXBuildFile; fileRef = CE1A96B9291D16A900E60A61 /* CustomInteractiveTransition.swift */; };
		CE1A96BC291D18C000E60A61 /* CustomPopAnimator.swift in Sources */ = {isa = PBXBuildFile; fileRef = CE1A96BB291D18C000E60A61 /* CustomPopAnimator.swift */; };
		CE242105291C191B00281C4C /* FriendPhotosViewController.swift in Sources */ = {isa = PBXBuildFile; fileRef = CE242104291C191B00281C4C /* FriendPhotosViewController.swift */; };
		CE9564C3292BD4070080896A /* Session.swift in Sources */ = {isa = PBXBuildFile; fileRef = CE9564C2292BD4070080896A /* Session.swift */; };
		CEDB3B1C291A3A4D00ED39AC /* NewsViewController.swift in Sources */ = {isa = PBXBuildFile; fileRef = CEDB3B1B291A3A4D00ED39AC /* NewsViewController.swift */; };
		CEE59FA3292CEA080046EAF2 /* LoginWebViewController.swift in Sources */ = {isa = PBXBuildFile; fileRef = CEE59FA2292CEA080046EAF2 /* LoginWebViewController.swift */; };
		CEE59FA6292CF5680046EAF2 /* NetworkService.swift in Sources */ = {isa = PBXBuildFile; fileRef = CEE59FA5292CF5680046EAF2 /* NetworkService.swift */; };
		CEE59FAD292E453A0046EAF2 /* User.swift in Sources */ = {isa = PBXBuildFile; fileRef = CEE59FAC292E453A0046EAF2 /* User.swift */; };
		CEE59FAF292E45500046EAF2 /* Photo.swift in Sources */ = {isa = PBXBuildFile; fileRef = CEE59FAE292E45500046EAF2 /* Photo.swift */; };
		CEEC3159291A353C00B91C89 /* NewsViewCell.swift in Sources */ = {isa = PBXBuildFile; fileRef = CEEC3158291A353C00B91C89 /* NewsViewCell.swift */; };
/* End PBXBuildFile section */

/* Begin PBXFileReference section */
		17772827DADB9FB92EB56578 /* Pods-VKApp.release.xcconfig */ = {isa = PBXFileReference; includeInIndex = 1; lastKnownFileType = text.xcconfig; name = "Pods-VKApp.release.xcconfig"; path = "Target Support Files/Pods-VKApp/Pods-VKApp.release.xcconfig"; sourceTree = "<group>"; };
		552125DD2910EE880058A8F2 /* VKApp.app */ = {isa = PBXFileReference; explicitFileType = wrapper.application; includeInIndex = 0; path = VKApp.app; sourceTree = BUILT_PRODUCTS_DIR; };
		552125E02910EE880058A8F2 /* AppDelegate.swift */ = {isa = PBXFileReference; lastKnownFileType = sourcecode.swift; path = AppDelegate.swift; sourceTree = "<group>"; };
		552125E22910EE880058A8F2 /* SceneDelegate.swift */ = {isa = PBXFileReference; lastKnownFileType = sourcecode.swift; path = SceneDelegate.swift; sourceTree = "<group>"; };
		552125E72910EE880058A8F2 /* Base */ = {isa = PBXFileReference; lastKnownFileType = file.storyboard; name = Base; path = Base.lproj/Main.storyboard; sourceTree = "<group>"; };
		552125E92910EE8F0058A8F2 /* Assets.xcassets */ = {isa = PBXFileReference; lastKnownFileType = folder.assetcatalog; path = Assets.xcassets; sourceTree = "<group>"; };
		552125EC2910EE8F0058A8F2 /* Base */ = {isa = PBXFileReference; lastKnownFileType = file.storyboard; name = Base; path = Base.lproj/LaunchScreen.storyboard; sourceTree = "<group>"; };
		552125EE2910EE8F0058A8F2 /* Info.plist */ = {isa = PBXFileReference; lastKnownFileType = text.plist.xml; path = Info.plist; sourceTree = "<group>"; };
		555276FD2913DB7E009504C0 /* LikeViewControl.swift */ = {isa = PBXFileReference; lastKnownFileType = sourcecode.swift; path = LikeViewControl.swift; sourceTree = "<group>"; };
		55A0360B29114E02003F1DB3 /* FriendsTableViewController.swift */ = {isa = PBXFileReference; lastKnownFileType = sourcecode.swift; path = FriendsTableViewController.swift; sourceTree = "<group>"; };
		55A0360D29114E1F003F1DB3 /* GroupsTableViewController.swift */ = {isa = PBXFileReference; lastKnownFileType = sourcecode.swift; path = GroupsTableViewController.swift; sourceTree = "<group>"; };
		55C652F4291246A40058ADFB /* UIViewController+Extension.swift */ = {isa = PBXFileReference; lastKnownFileType = sourcecode.swift; path = "UIViewController+Extension.swift"; sourceTree = "<group>"; };
		55D5C5B62912B94A00D075D7 /* FriendViewCell.swift */ = {isa = PBXFileReference; lastKnownFileType = sourcecode.swift; path = FriendViewCell.swift; sourceTree = "<group>"; };
		55D5C5B82912BD0F00D075D7 /* Friend.swift */ = {isa = PBXFileReference; lastKnownFileType = sourcecode.swift; path = Friend.swift; sourceTree = "<group>"; };
		55D5C5BA2912C75500D075D7 /* FriendDetailViewCell.swift */ = {isa = PBXFileReference; lastKnownFileType = sourcecode.swift; path = FriendDetailViewCell.swift; sourceTree = "<group>"; };
		55D5C5BC2912C88900D075D7 /* FriendDetailCollectionViewController.swift */ = {isa = PBXFileReference; lastKnownFileType = sourcecode.swift; path = FriendDetailCollectionViewController.swift; sourceTree = "<group>"; };
		55D5C5C02912D38900D075D7 /* GroupsViewCell.swift */ = {isa = PBXFileReference; lastKnownFileType = sourcecode.swift; path = GroupsViewCell.swift; sourceTree = "<group>"; };
		55D5C5C22912D40400D075D7 /* Group.swift */ = {isa = PBXFileReference; lastKnownFileType = sourcecode.swift; path = Group.swift; sourceTree = "<group>"; };
		55D5C5C52912D6A000D075D7 /* GroupsDetailTableViewController.swift */ = {isa = PBXFileReference; lastKnownFileType = sourcecode.swift; path = GroupsDetailTableViewController.swift; sourceTree = "<group>"; };
		55D5C5C72912D6CD00D075D7 /* GroupsDetailViewCell.swift */ = {isa = PBXFileReference; lastKnownFileType = sourcecode.swift; path = GroupsDetailViewCell.swift; sourceTree = "<group>"; };
		55E75D872913AC5200776936 /* FriendAvatarView.swift */ = {isa = PBXFileReference; lastKnownFileType = sourcecode.swift; path = FriendAvatarView.swift; sourceTree = "<group>"; };
		CE135F10291A418C003B8F1A /* News.swift */ = {isa = PBXFileReference; lastKnownFileType = sourcecode.swift; path = News.swift; sourceTree = "<group>"; };
		CE1A96B5291D0E4E00E60A61 /* CustomPushAnimator.swift */ = {isa = PBXFileReference; lastKnownFileType = sourcecode.swift; path = CustomPushAnimator.swift; sourceTree = "<group>"; };
		CE1A96B7291D147400E60A61 /* CustomNavigationController.swift */ = {isa = PBXFileReference; lastKnownFileType = sourcecode.swift; path = CustomNavigationController.swift; sourceTree = "<group>"; };
		CE1A96B9291D16A900E60A61 /* CustomInteractiveTransition.swift */ = {isa = PBXFileReference; lastKnownFileType = sourcecode.swift; path = CustomInteractiveTransition.swift; sourceTree = "<group>"; };
		CE1A96BB291D18C000E60A61 /* CustomPopAnimator.swift */ = {isa = PBXFileReference; lastKnownFileType = sourcecode.swift; path = CustomPopAnimator.swift; sourceTree = "<group>"; };
		CE242104291C191B00281C4C /* FriendPhotosViewController.swift */ = {isa = PBXFileReference; lastKnownFileType = sourcecode.swift; path = FriendPhotosViewController.swift; sourceTree = "<group>"; };
		CE9564C2292BD4070080896A /* Session.swift */ = {isa = PBXFileReference; lastKnownFileType = sourcecode.swift; path = Session.swift; sourceTree = "<group>"; };
		CEDB3B1B291A3A4D00ED39AC /* NewsViewController.swift */ = {isa = PBXFileReference; lastKnownFileType = sourcecode.swift; path = NewsViewController.swift; sourceTree = "<group>"; };
		CEE59FA2292CEA080046EAF2 /* LoginWebViewController.swift */ = {isa = PBXFileReference; lastKnownFileType = sourcecode.swift; name = LoginWebViewController.swift; path = Assets.xcassets/LoginWebViewController.swift; sourceTree = "<group>"; };
		CEE59FA5292CF5680046EAF2 /* NetworkService.swift */ = {isa = PBXFileReference; lastKnownFileType = sourcecode.swift; path = NetworkService.swift; sourceTree = "<group>"; };
		CEE59FAC292E453A0046EAF2 /* User.swift */ = {isa = PBXFileReference; lastKnownFileType = sourcecode.swift; path = User.swift; sourceTree = "<group>"; };
		CEE59FAE292E45500046EAF2 /* Photo.swift */ = {isa = PBXFileReference; lastKnownFileType = sourcecode.swift; path = Photo.swift; sourceTree = "<group>"; };
		CEEC3158291A353C00B91C89 /* NewsViewCell.swift */ = {isa = PBXFileReference; lastKnownFileType = sourcecode.swift; path = NewsViewCell.swift; sourceTree = "<group>"; };
		D0FC04846C18F468A5B208D1 /* Pods-VKApp.debug.xcconfig */ = {isa = PBXFileReference; includeInIndex = 1; lastKnownFileType = text.xcconfig; name = "Pods-VKApp.debug.xcconfig"; path = "Target Support Files/Pods-VKApp/Pods-VKApp.debug.xcconfig"; sourceTree = "<group>"; };
		E639E89FFB3E2C20D7F53FA2 /* Pods_VKApp.framework */ = {isa = PBXFileReference; explicitFileType = wrapper.framework; includeInIndex = 0; path = Pods_VKApp.framework; sourceTree = BUILT_PRODUCTS_DIR; };
/* End PBXFileReference section */

/* Begin PBXFrameworksBuildPhase section */
		552125DA2910EE880058A8F2 /* Frameworks */ = {
			isa = PBXFrameworksBuildPhase;
			buildActionMask = 2147483647;
			files = (
				76F75E5FB84ACEFACEA4F111 /* Pods_VKApp.framework in Frameworks */,
			);
			runOnlyForDeploymentPostprocessing = 0;
		};
/* End PBXFrameworksBuildPhase section */

/* Begin PBXGroup section */
		552125D42910EE880058A8F2 = {
			isa = PBXGroup;
			children = (
				552125DF2910EE880058A8F2 /* VKApp */,
				552125DE2910EE880058A8F2 /* Products */,
				CA058F0D9FD18310EED03AA4 /* Pods */,
				FAB4F5F4E1C4D6662157C8B9 /* Frameworks */,
			);
			sourceTree = "<group>";
		};
		552125DE2910EE880058A8F2 /* Products */ = {
			isa = PBXGroup;
			children = (
				552125DD2910EE880058A8F2 /* VKApp.app */,
			);
			name = Products;
			sourceTree = "<group>";
		};
		552125DF2910EE880058A8F2 /* VKApp */ = {
			isa = PBXGroup;
			children = (
				552125E02910EE880058A8F2 /* AppDelegate.swift */,
				552125E22910EE880058A8F2 /* SceneDelegate.swift */,
				CEE59FA2292CEA080046EAF2 /* LoginWebViewController.swift */,
				CEE59FA4292CF4A60046EAF2 /* Service */,
				CE135F14291A5517003B8F1A /* News */,
				55D5C5C42912D4CA00D075D7 /* Model */,
				55D5C5BE2912D35D00D075D7 /* Friends */,
				55D5C5BF2912D36B00D075D7 /* Groups */,
				55C652F6291247430058ADFB /* Extension */,
				CE1A96BF291D601700E60A61 /* Custom */,
				552125E62910EE880058A8F2 /* Main.storyboard */,
				552125E92910EE8F0058A8F2 /* Assets.xcassets */,
				552125EB2910EE8F0058A8F2 /* LaunchScreen.storyboard */,
				552125EE2910EE8F0058A8F2 /* Info.plist */,
			);
			path = VKApp;
			sourceTree = "<group>";
		};
		55C652F6291247430058ADFB /* Extension */ = {
			isa = PBXGroup;
			children = (
				55C652F4291246A40058ADFB /* UIViewController+Extension.swift */,
			);
			path = Extension;
			sourceTree = "<group>";
		};
		55D5C5BE2912D35D00D075D7 /* Friends */ = {
			isa = PBXGroup;
			children = (
				55A0360B29114E02003F1DB3 /* FriendsTableViewController.swift */,
				55D5C5B62912B94A00D075D7 /* FriendViewCell.swift */,
				55D5C5BA2912C75500D075D7 /* FriendDetailViewCell.swift */,
				55D5C5BC2912C88900D075D7 /* FriendDetailCollectionViewController.swift */,
				55E75D872913AC5200776936 /* FriendAvatarView.swift */,
				555276FD2913DB7E009504C0 /* LikeViewControl.swift */,
				CE242104291C191B00281C4C /* FriendPhotosViewController.swift */,
			);
			path = Friends;
			sourceTree = "<group>";
		};
		55D5C5BF2912D36B00D075D7 /* Groups */ = {
			isa = PBXGroup;
			children = (
				55A0360D29114E1F003F1DB3 /* GroupsTableViewController.swift */,
				55D5C5C52912D6A000D075D7 /* GroupsDetailTableViewController.swift */,
				55D5C5C72912D6CD00D075D7 /* GroupsDetailViewCell.swift */,
				55D5C5C02912D38900D075D7 /* GroupsViewCell.swift */,
			);
			path = Groups;
			sourceTree = "<group>";
		};
		55D5C5C42912D4CA00D075D7 /* Model */ = {
			isa = PBXGroup;
			children = (
				CEE59FAC292E453A0046EAF2 /* User.swift */,
				CEE59FAE292E45500046EAF2 /* Photo.swift */,
				55D5C5C22912D40400D075D7 /* Group.swift */,
				55D5C5B82912BD0F00D075D7 /* Friend.swift */,
				CE135F10291A418C003B8F1A /* News.swift */,
			);
			path = Model;
			sourceTree = "<group>";
		};
		CA058F0D9FD18310EED03AA4 /* Pods */ = {
			isa = PBXGroup;
			children = (
				D0FC04846C18F468A5B208D1 /* Pods-VKApp.debug.xcconfig */,
				17772827DADB9FB92EB56578 /* Pods-VKApp.release.xcconfig */,
			);
			path = Pods;
			sourceTree = "<group>";
		};
		CE135F14291A5517003B8F1A /* News */ = {
			isa = PBXGroup;
			children = (
				CEEC3158291A353C00B91C89 /* NewsViewCell.swift */,
				CEDB3B1B291A3A4D00ED39AC /* NewsViewController.swift */,
			);
			path = News;
			sourceTree = "<group>";
		};
		CE1A96BF291D601700E60A61 /* Custom */ = {
			isa = PBXGroup;
			children = (
				CE1A96B5291D0E4E00E60A61 /* CustomPushAnimator.swift */,
				CE1A96BB291D18C000E60A61 /* CustomPopAnimator.swift */,
				CE1A96B7291D147400E60A61 /* CustomNavigationController.swift */,
				CE1A96B9291D16A900E60A61 /* CustomInteractiveTransition.swift */,
			);
			path = Custom;
			sourceTree = "<group>";
		};
		CEE59FA4292CF4A60046EAF2 /* Service */ = {
			isa = PBXGroup;
			children = (
				CEE59FA5292CF5680046EAF2 /* NetworkService.swift */,
				CE9564C2292BD4070080896A /* Session.swift */,
			);
			path = Service;
			sourceTree = "<group>";
		};
		FAB4F5F4E1C4D6662157C8B9 /* Frameworks */ = {
			isa = PBXGroup;
			children = (
				E639E89FFB3E2C20D7F53FA2 /* Pods_VKApp.framework */,
			);
			name = Frameworks;
			sourceTree = "<group>";
		};
/* End PBXGroup section */

/* Begin PBXNativeTarget section */
		552125DC2910EE880058A8F2 /* VKApp */ = {
			isa = PBXNativeTarget;
			buildConfigurationList = 552125F12910EE8F0058A8F2 /* Build configuration list for PBXNativeTarget "VKApp" */;
			buildPhases = (
				142296B79836DEE3D43B30E1 /* [CP] Check Pods Manifest.lock */,
				552125D92910EE880058A8F2 /* Sources */,
				552125DA2910EE880058A8F2 /* Frameworks */,
				552125DB2910EE880058A8F2 /* Resources */,
				552125F42910EED60058A8F2 /* SwiftFormater */,
				CE11DDFA2916F1880060B39B /* SwiftLint */,
				CC4EA29A979C02701C8A88BB /* [CP] Embed Pods Frameworks */,
			);
			buildRules = (
			);
			dependencies = (
			);
			name = VKApp;
			productName = VKApp;
			productReference = 552125DD2910EE880058A8F2 /* VKApp.app */;
			productType = "com.apple.product-type.application";
		};
/* End PBXNativeTarget section */

/* Begin PBXProject section */
		552125D52910EE880058A8F2 /* Project object */ = {
			isa = PBXProject;
			attributes = {
				BuildIndependentTargetsInParallel = 1;
				LastSwiftUpdateCheck = 1400;
				LastUpgradeCheck = 1400;
				TargetAttributes = {
					552125DC2910EE880058A8F2 = {
						CreatedOnToolsVersion = 14.0.1;
					};
				};
			};
			buildConfigurationList = 552125D82910EE880058A8F2 /* Build configuration list for PBXProject "VKApp" */;
			compatibilityVersion = "Xcode 14.0";
			developmentRegion = en;
			hasScannedForEncodings = 0;
			knownRegions = (
				en,
				Base,
			);
			mainGroup = 552125D42910EE880058A8F2;
			productRefGroup = 552125DE2910EE880058A8F2 /* Products */;
			projectDirPath = "";
			projectRoot = "";
			targets = (
				552125DC2910EE880058A8F2 /* VKApp */,
			);
		};
/* End PBXProject section */

/* Begin PBXResourcesBuildPhase section */
		552125DB2910EE880058A8F2 /* Resources */ = {
			isa = PBXResourcesBuildPhase;
			buildActionMask = 2147483647;
			files = (
				552125ED2910EE8F0058A8F2 /* LaunchScreen.storyboard in Resources */,
				552125EA2910EE8F0058A8F2 /* Assets.xcassets in Resources */,
				552125E82910EE880058A8F2 /* Main.storyboard in Resources */,
			);
			runOnlyForDeploymentPostprocessing = 0;
		};
/* End PBXResourcesBuildPhase section */

/* Begin PBXShellScriptBuildPhase section */
		142296B79836DEE3D43B30E1 /* [CP] Check Pods Manifest.lock */ = {
			isa = PBXShellScriptBuildPhase;
			buildActionMask = 2147483647;
			files = (
			);
			inputFileListPaths = (
			);
			inputPaths = (
				"${PODS_PODFILE_DIR_PATH}/Podfile.lock",
				"${PODS_ROOT}/Manifest.lock",
			);
			name = "[CP] Check Pods Manifest.lock";
			outputFileListPaths = (
			);
			outputPaths = (
				"$(DERIVED_FILE_DIR)/Pods-VKApp-checkManifestLockResult.txt",
			);
			runOnlyForDeploymentPostprocessing = 0;
			shellPath = /bin/sh;
			shellScript = "diff \"${PODS_PODFILE_DIR_PATH}/Podfile.lock\" \"${PODS_ROOT}/Manifest.lock\" > /dev/null\nif [ $? != 0 ] ; then\n    # print error to STDERR\n    echo \"error: The sandbox is not in sync with the Podfile.lock. Run 'pod install' or update your CocoaPods installation.\" >&2\n    exit 1\nfi\n# This output is used by Xcode 'outputs' to avoid re-running this script phase.\necho \"SUCCESS\" > \"${SCRIPT_OUTPUT_FILE_0}\"\n";
			showEnvVarsInLog = 0;
		};
		552125F42910EED60058A8F2 /* SwiftFormater */ = {
			isa = PBXShellScriptBuildPhase;
			alwaysOutOfDate = 1;
			buildActionMask = 2147483647;
			files = (
			);
			inputFileListPaths = (
			);
			inputPaths = (
			);
			name = SwiftFormater;
			outputFileListPaths = (
			);
			outputPaths = (
			);
			runOnlyForDeploymentPostprocessing = 0;
			shellPath = /bin/sh;
			shellScript = "export PATH=\"$PATH:/opt/homebrew/bin\"\nif which swiftformat >/dev/null; then\n  swiftformat .\nelse\n  echo \"warning: SwiftFormat not installed, download from https://github.com/nicklockwood/SwiftFormat\"\nfi\n";
		};
		CC4EA29A979C02701C8A88BB /* [CP] Embed Pods Frameworks */ = {
			isa = PBXShellScriptBuildPhase;
			buildActionMask = 2147483647;
			files = (
			);
			inputFileListPaths = (
				"${PODS_ROOT}/Target Support Files/Pods-VKApp/Pods-VKApp-frameworks-${CONFIGURATION}-input-files.xcfilelist",
			);
			name = "[CP] Embed Pods Frameworks";
			outputFileListPaths = (
				"${PODS_ROOT}/Target Support Files/Pods-VKApp/Pods-VKApp-frameworks-${CONFIGURATION}-output-files.xcfilelist",
			);
			runOnlyForDeploymentPostprocessing = 0;
			shellPath = /bin/sh;
			shellScript = "\"${PODS_ROOT}/Target Support Files/Pods-VKApp/Pods-VKApp-frameworks.sh\"\n";
			showEnvVarsInLog = 0;
		};
		CE11DDFA2916F1880060B39B /* SwiftLint */ = {
			isa = PBXShellScriptBuildPhase;
			alwaysOutOfDate = 1;
			buildActionMask = 12;
			files = (
			);
			inputFileListPaths = (
			);
			inputPaths = (
			);
			name = SwiftLint;
			outputFileListPaths = (
			);
			outputPaths = (
			);
			runOnlyForDeploymentPostprocessing = 0;
			shellPath = /bin/sh;
			shellScript = "export PATH=\"$PATH:/opt/homebrew/bin\"\nif which swiftlint > /dev/null; then\n  swiftlint\nelse\n  echo \"warning: SwiftLint not installed, download from https://github.com/realm/SwiftLint\"\nfi\n";
		};
/* End PBXShellScriptBuildPhase section */

/* Begin PBXSourcesBuildPhase section */
		552125D92910EE880058A8F2 /* Sources */ = {
			isa = PBXSourcesBuildPhase;
			buildActionMask = 2147483647;
			files = (
				CEE59FAF292E45500046EAF2 /* Photo.swift in Sources */,
				CE1A96B8291D147400E60A61 /* CustomNavigationController.swift in Sources */,
				55D5C5B72912B94A00D075D7 /* FriendViewCell.swift in Sources */,
				CEE59FA6292CF5680046EAF2 /* NetworkService.swift in Sources */,
				CE242105291C191B00281C4C /* FriendPhotosViewController.swift in Sources */,
				CEEC3159291A353C00B91C89 /* NewsViewCell.swift in Sources */,
				CEE59FAD292E453A0046EAF2 /* User.swift in Sources */,
				55E75D882913AC5200776936 /* FriendAvatarView.swift in Sources */,
				55A0360E29114E1F003F1DB3 /* GroupsTableViewController.swift in Sources */,
				55C652F5291246A40058ADFB /* UIViewController+Extension.swift in Sources */,
				CE135F11291A418C003B8F1A /* News.swift in Sources */,
				555276FE2913DB7E009504C0 /* LikeViewControl.swift in Sources */,
				CE9564C3292BD4070080896A /* Session.swift in Sources */,
				55D5C5C12912D38900D075D7 /* GroupsViewCell.swift in Sources */,
				552125E12910EE880058A8F2 /* AppDelegate.swift in Sources */,
				55D5C5BD2912C88900D075D7 /* FriendDetailCollectionViewController.swift in Sources */,
				CE1A96BA291D16A900E60A61 /* CustomInteractiveTransition.swift in Sources */,
				CE1A96B6291D0E4E00E60A61 /* CustomPushAnimator.swift in Sources */,
				CE1A96BC291D18C000E60A61 /* CustomPopAnimator.swift in Sources */,
				55D5C5C62912D6A000D075D7 /* GroupsDetailTableViewController.swift in Sources */,
				55A0360C29114E02003F1DB3 /* FriendsTableViewController.swift in Sources */,
				55D5C5BB2912C75500D075D7 /* FriendDetailViewCell.swift in Sources */,
				552125E32910EE880058A8F2 /* SceneDelegate.swift in Sources */,
				55D5C5C82912D6CD00D075D7 /* GroupsDetailViewCell.swift in Sources */,
				CEDB3B1C291A3A4D00ED39AC /* NewsViewController.swift in Sources */,
				55D5C5B92912BD0F00D075D7 /* Friend.swift in Sources */,
				55D5C5C32912D40400D075D7 /* Group.swift in Sources */,
				CEE59FA3292CEA080046EAF2 /* LoginWebViewController.swift in Sources */,
			);
			runOnlyForDeploymentPostprocessing = 0;
		};
/* End PBXSourcesBuildPhase section */

/* Begin PBXVariantGroup section */
		552125E62910EE880058A8F2 /* Main.storyboard */ = {
			isa = PBXVariantGroup;
			children = (
				552125E72910EE880058A8F2 /* Base */,
			);
			name = Main.storyboard;
			sourceTree = "<group>";
		};
		552125EB2910EE8F0058A8F2 /* LaunchScreen.storyboard */ = {
			isa = PBXVariantGroup;
			children = (
				552125EC2910EE8F0058A8F2 /* Base */,
			);
			name = LaunchScreen.storyboard;
			sourceTree = "<group>";
		};
/* End PBXVariantGroup section */

/* Begin XCBuildConfiguration section */
		552125EF2910EE8F0058A8F2 /* Debug */ = {
			isa = XCBuildConfiguration;
			buildSettings = {
				ALWAYS_SEARCH_USER_PATHS = NO;
				CLANG_ANALYZER_NONNULL = YES;
				CLANG_ANALYZER_NUMBER_OBJECT_CONVERSION = YES_AGGRESSIVE;
				CLANG_CXX_LANGUAGE_STANDARD = "gnu++20";
				CLANG_ENABLE_MODULES = YES;
				CLANG_ENABLE_OBJC_ARC = YES;
				CLANG_ENABLE_OBJC_WEAK = YES;
				CLANG_WARN_BLOCK_CAPTURE_AUTORELEASING = YES;
				CLANG_WARN_BOOL_CONVERSION = YES;
				CLANG_WARN_COMMA = YES;
				CLANG_WARN_CONSTANT_CONVERSION = YES;
				CLANG_WARN_DEPRECATED_OBJC_IMPLEMENTATIONS = YES;
				CLANG_WARN_DIRECT_OBJC_ISA_USAGE = YES_ERROR;
				CLANG_WARN_DOCUMENTATION_COMMENTS = YES;
				CLANG_WARN_EMPTY_BODY = YES;
				CLANG_WARN_ENUM_CONVERSION = YES;
				CLANG_WARN_INFINITE_RECURSION = YES;
				CLANG_WARN_INT_CONVERSION = YES;
				CLANG_WARN_NON_LITERAL_NULL_CONVERSION = YES;
				CLANG_WARN_OBJC_IMPLICIT_RETAIN_SELF = YES;
				CLANG_WARN_OBJC_LITERAL_CONVERSION = YES;
				CLANG_WARN_OBJC_ROOT_CLASS = YES_ERROR;
				CLANG_WARN_QUOTED_INCLUDE_IN_FRAMEWORK_HEADER = YES;
				CLANG_WARN_RANGE_LOOP_ANALYSIS = YES;
				CLANG_WARN_STRICT_PROTOTYPES = YES;
				CLANG_WARN_SUSPICIOUS_MOVE = YES;
				CLANG_WARN_UNGUARDED_AVAILABILITY = YES_AGGRESSIVE;
				CLANG_WARN_UNREACHABLE_CODE = YES;
				CLANG_WARN__DUPLICATE_METHOD_MATCH = YES;
				COPY_PHASE_STRIP = NO;
				DEBUG_INFORMATION_FORMAT = dwarf;
				ENABLE_STRICT_OBJC_MSGSEND = YES;
				ENABLE_TESTABILITY = YES;
				GCC_C_LANGUAGE_STANDARD = gnu11;
				GCC_DYNAMIC_NO_PIC = NO;
				GCC_NO_COMMON_BLOCKS = YES;
				GCC_OPTIMIZATION_LEVEL = 0;
				GCC_PREPROCESSOR_DEFINITIONS = (
					"DEBUG=1",
					"$(inherited)",
				);
				GCC_WARN_64_TO_32_BIT_CONVERSION = YES;
				GCC_WARN_ABOUT_RETURN_TYPE = YES_ERROR;
				GCC_WARN_UNDECLARED_SELECTOR = YES;
				GCC_WARN_UNINITIALIZED_AUTOS = YES_AGGRESSIVE;
				GCC_WARN_UNUSED_FUNCTION = YES;
				GCC_WARN_UNUSED_VARIABLE = YES;
				IPHONEOS_DEPLOYMENT_TARGET = 16.0;
				MTL_ENABLE_DEBUG_INFO = INCLUDE_SOURCE;
				MTL_FAST_MATH = YES;
				ONLY_ACTIVE_ARCH = YES;
				SDKROOT = iphoneos;
				SWIFT_ACTIVE_COMPILATION_CONDITIONS = DEBUG;
				SWIFT_OPTIMIZATION_LEVEL = "-Onone";
			};
			name = Debug;
		};
		552125F02910EE8F0058A8F2 /* Release */ = {
			isa = XCBuildConfiguration;
			buildSettings = {
				ALWAYS_SEARCH_USER_PATHS = NO;
				CLANG_ANALYZER_NONNULL = YES;
				CLANG_ANALYZER_NUMBER_OBJECT_CONVERSION = YES_AGGRESSIVE;
				CLANG_CXX_LANGUAGE_STANDARD = "gnu++20";
				CLANG_ENABLE_MODULES = YES;
				CLANG_ENABLE_OBJC_ARC = YES;
				CLANG_ENABLE_OBJC_WEAK = YES;
				CLANG_WARN_BLOCK_CAPTURE_AUTORELEASING = YES;
				CLANG_WARN_BOOL_CONVERSION = YES;
				CLANG_WARN_COMMA = YES;
				CLANG_WARN_CONSTANT_CONVERSION = YES;
				CLANG_WARN_DEPRECATED_OBJC_IMPLEMENTATIONS = YES;
				CLANG_WARN_DIRECT_OBJC_ISA_USAGE = YES_ERROR;
				CLANG_WARN_DOCUMENTATION_COMMENTS = YES;
				CLANG_WARN_EMPTY_BODY = YES;
				CLANG_WARN_ENUM_CONVERSION = YES;
				CLANG_WARN_INFINITE_RECURSION = YES;
				CLANG_WARN_INT_CONVERSION = YES;
				CLANG_WARN_NON_LITERAL_NULL_CONVERSION = YES;
				CLANG_WARN_OBJC_IMPLICIT_RETAIN_SELF = YES;
				CLANG_WARN_OBJC_LITERAL_CONVERSION = YES;
				CLANG_WARN_OBJC_ROOT_CLASS = YES_ERROR;
				CLANG_WARN_QUOTED_INCLUDE_IN_FRAMEWORK_HEADER = YES;
				CLANG_WARN_RANGE_LOOP_ANALYSIS = YES;
				CLANG_WARN_STRICT_PROTOTYPES = YES;
				CLANG_WARN_SUSPICIOUS_MOVE = YES;
				CLANG_WARN_UNGUARDED_AVAILABILITY = YES_AGGRESSIVE;
				CLANG_WARN_UNREACHABLE_CODE = YES;
				CLANG_WARN__DUPLICATE_METHOD_MATCH = YES;
				COPY_PHASE_STRIP = NO;
				DEBUG_INFORMATION_FORMAT = "dwarf-with-dsym";
				ENABLE_NS_ASSERTIONS = NO;
				ENABLE_STRICT_OBJC_MSGSEND = YES;
				GCC_C_LANGUAGE_STANDARD = gnu11;
				GCC_NO_COMMON_BLOCKS = YES;
				GCC_WARN_64_TO_32_BIT_CONVERSION = YES;
				GCC_WARN_ABOUT_RETURN_TYPE = YES_ERROR;
				GCC_WARN_UNDECLARED_SELECTOR = YES;
				GCC_WARN_UNINITIALIZED_AUTOS = YES_AGGRESSIVE;
				GCC_WARN_UNUSED_FUNCTION = YES;
				GCC_WARN_UNUSED_VARIABLE = YES;
				IPHONEOS_DEPLOYMENT_TARGET = 16.0;
				MTL_ENABLE_DEBUG_INFO = NO;
				MTL_FAST_MATH = YES;
				SDKROOT = iphoneos;
				SWIFT_COMPILATION_MODE = wholemodule;
				SWIFT_OPTIMIZATION_LEVEL = "-O";
				VALIDATE_PRODUCT = YES;
			};
			name = Release;
		};
		552125F22910EE8F0058A8F2 /* Debug */ = {
			isa = XCBuildConfiguration;
			baseConfigurationReference = D0FC04846C18F468A5B208D1 /* Pods-VKApp.debug.xcconfig */;
			buildSettings = {
				ASSETCATALOG_COMPILER_APPICON_NAME = AppIcon;
				ASSETCATALOG_COMPILER_GLOBAL_ACCENT_COLOR_NAME = AccentColor;
				CODE_SIGN_STYLE = Automatic;
				CURRENT_PROJECT_VERSION = 1;
				DEVELOPMENT_TEAM = GU5MMAQ8BR;
				GENERATE_INFOPLIST_FILE = YES;
				INFOPLIST_FILE = VKApp/Info.plist;
				INFOPLIST_KEY_UIApplicationSupportsIndirectInputEvents = YES;
				INFOPLIST_KEY_UILaunchStoryboardName = LaunchScreen;
				INFOPLIST_KEY_UIMainStoryboardFile = Main;
				INFOPLIST_KEY_UISupportedInterfaceOrientations_iPad = "UIInterfaceOrientationPortrait UIInterfaceOrientationPortraitUpsideDown UIInterfaceOrientationLandscapeLeft UIInterfaceOrientationLandscapeRight";
				INFOPLIST_KEY_UISupportedInterfaceOrientations_iPhone = "UIInterfaceOrientationPortrait UIInterfaceOrientationLandscapeLeft UIInterfaceOrientationLandscapeRight";
				IPHONEOS_DEPLOYMENT_TARGET = 16.0;
				LD_RUNPATH_SEARCH_PATHS = (
					"$(inherited)",
					"@executable_path/Frameworks",
				);
				MARKETING_VERSION = 1.0;
				PRODUCT_BUNDLE_IDENTIFIER = VladkaTeam.VKApp;
				PRODUCT_NAME = "$(TARGET_NAME)";
				SUPPORTED_PLATFORMS = "iphoneos iphonesimulator";
				SUPPORTS_MACCATALYST = NO;
				SUPPORTS_MAC_DESIGNED_FOR_IPHONE_IPAD = NO;
				SWIFT_EMIT_LOC_STRINGS = YES;
				SWIFT_VERSION = 5.0;
				TARGETED_DEVICE_FAMILY = 1;
			};
			name = Debug;
		};
		552125F32910EE8F0058A8F2 /* Release */ = {
			isa = XCBuildConfiguration;
			baseConfigurationReference = 17772827DADB9FB92EB56578 /* Pods-VKApp.release.xcconfig */;
			buildSettings = {
				ASSETCATALOG_COMPILER_APPICON_NAME = AppIcon;
				ASSETCATALOG_COMPILER_GLOBAL_ACCENT_COLOR_NAME = AccentColor;
				CODE_SIGN_STYLE = Automatic;
				CURRENT_PROJECT_VERSION = 1;
				DEVELOPMENT_TEAM = GU5MMAQ8BR;
				GENERATE_INFOPLIST_FILE = YES;
				INFOPLIST_FILE = VKApp/Info.plist;
				INFOPLIST_KEY_UIApplicationSupportsIndirectInputEvents = YES;
				INFOPLIST_KEY_UILaunchStoryboardName = LaunchScreen;
				INFOPLIST_KEY_UIMainStoryboardFile = Main;
				INFOPLIST_KEY_UISupportedInterfaceOrientations_iPad = "UIInterfaceOrientationPortrait UIInterfaceOrientationPortraitUpsideDown UIInterfaceOrientationLandscapeLeft UIInterfaceOrientationLandscapeRight";
				INFOPLIST_KEY_UISupportedInterfaceOrientations_iPhone = "UIInterfaceOrientationPortrait UIInterfaceOrientationLandscapeLeft UIInterfaceOrientationLandscapeRight";
				IPHONEOS_DEPLOYMENT_TARGET = 16.0;
				LD_RUNPATH_SEARCH_PATHS = (
					"$(inherited)",
					"@executable_path/Frameworks",
				);
				MARKETING_VERSION = 1.0;
				PRODUCT_BUNDLE_IDENTIFIER = VladkaTeam.VKApp;
				PRODUCT_NAME = "$(TARGET_NAME)";
				SUPPORTED_PLATFORMS = "iphoneos iphonesimulator";
				SUPPORTS_MACCATALYST = NO;
				SUPPORTS_MAC_DESIGNED_FOR_IPHONE_IPAD = NO;
				SWIFT_EMIT_LOC_STRINGS = YES;
				SWIFT_VERSION = 5.0;
				TARGETED_DEVICE_FAMILY = 1;
			};
			name = Release;
		};
/* End XCBuildConfiguration section */

/* Begin XCConfigurationList section */
		552125D82910EE880058A8F2 /* Build configuration list for PBXProject "VKApp" */ = {
			isa = XCConfigurationList;
			buildConfigurations = (
				552125EF2910EE8F0058A8F2 /* Debug */,
				552125F02910EE8F0058A8F2 /* Release */,
			);
			defaultConfigurationIsVisible = 0;
			defaultConfigurationName = Release;
		};
		552125F12910EE8F0058A8F2 /* Build configuration list for PBXNativeTarget "VKApp" */ = {
			isa = XCConfigurationList;
			buildConfigurations = (
				552125F22910EE8F0058A8F2 /* Debug */,
				552125F32910EE8F0058A8F2 /* Release */,
			);
			defaultConfigurationIsVisible = 0;
			defaultConfigurationName = Release;
		};
/* End XCConfigurationList section */
	};
	rootObject = 552125D52910EE880058A8F2 /* Project object */;
}
